// !$*UTF8*$!
{
	archiveVersion = 1;
	classes = {
	};
	objectVersion = 46;
	objects = {

/* Begin PBXBuildFile section */
		0413260419359E79003E46E8 /* UIFactory+TextField.m in Sources */ = {isa = PBXBuildFile; fileRef = 0413260319359E79003E46E8 /* UIFactory+TextField.m */; };
		0413260719359ED7003E46E8 /* UIFactory+Button.m in Sources */ = {isa = PBXBuildFile; fileRef = 0413260619359ED7003E46E8 /* UIFactory+Button.m */; };
		0413260A19359F26003E46E8 /* UIFactory+Switch.m in Sources */ = {isa = PBXBuildFile; fileRef = 0413260919359F26003E46E8 /* UIFactory+Switch.m */; };
		0413260D19359F5B003E46E8 /* UIFactory+TableView.m in Sources */ = {isa = PBXBuildFile; fileRef = 0413260C19359F5B003E46E8 /* UIFactory+TableView.m */; };
		0413261019359F91003E46E8 /* UIFactory+Label.m in Sources */ = {isa = PBXBuildFile; fileRef = 0413260F19359F91003E46E8 /* UIFactory+Label.m */; };
		041326131935A025003E46E8 /* UIFactory+Line.m in Sources */ = {isa = PBXBuildFile; fileRef = 041326121935A025003E46E8 /* UIFactory+Line.m */; };
		041326161935A09B003E46E8 /* NSString+PDRegex.m in Sources */ = {isa = PBXBuildFile; fileRef = 041326151935A09B003E46E8 /* NSString+PDRegex.m */; };
		0413261E1935D0FD003E46E8 /* Settings.bundle in Resources */ = {isa = PBXBuildFile; fileRef = 0413261D1935D0FD003E46E8 /* Settings.bundle */; };
		041326211935DCE2003E46E8 /* ViewUtils.m in Sources */ = {isa = PBXBuildFile; fileRef = 041326201935DCE2003E46E8 /* ViewUtils.m */; };
		041588EB1937103700B6D2C4 /* CKAPPDetailViewController.m in Sources */ = {isa = PBXBuildFile; fileRef = 041588EA1937103700B6D2C4 /* CKAPPDetailViewController.m */; };
		041588EE1937140500B6D2C4 /* UIFactory+ImageView.m in Sources */ = {isa = PBXBuildFile; fileRef = 041588ED1937140500B6D2C4 /* UIFactory+ImageView.m */; };
		041588F1193721A100B6D2C4 /* CKDetailViewModel.m in Sources */ = {isa = PBXBuildFile; fileRef = 041588F0193721A100B6D2C4 /* CKDetailViewModel.m */; };
		041588F51937330C00B6D2C4 /* CKDetailTableViewCell.m in Sources */ = {isa = PBXBuildFile; fileRef = 041588F41937330C00B6D2C4 /* CKDetailTableViewCell.m */; };
		0430E3CC19357C0C00403629 /* RegExCategories.m in Sources */ = {isa = PBXBuildFile; fileRef = 0430E3CB19357C0C00403629 /* RegExCategories.m */; };
		0430E3D2193583DD00403629 /* UILabel+Additions.m in Sources */ = {isa = PBXBuildFile; fileRef = 0430E3D1193583DD00403629 /* UILabel+Additions.m */; };
		0433F4B01A09BCB300CBECBF /* BaseTableViewController.m in Sources */ = {isa = PBXBuildFile; fileRef = 0433F4AF1A09BCB300CBECBF /* BaseTableViewController.m */; };
		0433F4B51A09F44D00CBECBF /* Common.m in Sources */ = {isa = PBXBuildFile; fileRef = 0433F4B41A09F44D00CBECBF /* Common.m */; };
		0433F4B81A09FB2E00CBECBF /* UIFactory+StatusNotificationView.m in Sources */ = {isa = PBXBuildFile; fileRef = 0433F4B71A09FB2E00CBECBF /* UIFactory+StatusNotificationView.m */; };
		0433F4BC1A0A170000CBECBF /* PTHTTPRequestManager.m in Sources */ = {isa = PBXBuildFile; fileRef = 0433F4BB1A0A170000CBECBF /* PTHTTPRequestManager.m */; };
		048EDA1A1925FCC1006B1230 /* CKLoginViewController.m in Sources */ = {isa = PBXBuildFile; fileRef = 048EDA191925FCC1006B1230 /* CKLoginViewController.m */; };
		0496967F1A0CD250005497B9 /* UIViewController+Base.m in Sources */ = {isa = PBXBuildFile; fileRef = 0496967E1A0CD250005497B9 /* UIViewController+Base.m */; };
		049FA4B81925AEB200A1CE5F /* Foundation.framework in Frameworks */ = {isa = PBXBuildFile; fileRef = 049FA4B71925AEB200A1CE5F /* Foundation.framework */; };
		049FA4BA1925AEB200A1CE5F /* CoreGraphics.framework in Frameworks */ = {isa = PBXBuildFile; fileRef = 049FA4B91925AEB200A1CE5F /* CoreGraphics.framework */; };
		049FA4BC1925AEB200A1CE5F /* UIKit.framework in Frameworks */ = {isa = PBXBuildFile; fileRef = 049FA4BB1925AEB200A1CE5F /* UIKit.framework */; };
		049FA4C41925AEB200A1CE5F /* main.m in Sources */ = {isa = PBXBuildFile; fileRef = 049FA4C31925AEB200A1CE5F /* main.m */; };
		049FA4C81925AEB200A1CE5F /* CKAppDelegate.m in Sources */ = {isa = PBXBuildFile; fileRef = 049FA4C71925AEB200A1CE5F /* CKAppDelegate.m */; };
		049FA4D31925AEB200A1CE5F /* Images.xcassets in Resources */ = {isa = PBXBuildFile; fileRef = 049FA4D21925AEB200A1CE5F /* Images.xcassets */; };
		049FA4DA1925AEB200A1CE5F /* XCTest.framework in Frameworks */ = {isa = PBXBuildFile; fileRef = 049FA4D91925AEB200A1CE5F /* XCTest.framework */; };
		049FA4DB1925AEB200A1CE5F /* Foundation.framework in Frameworks */ = {isa = PBXBuildFile; fileRef = 049FA4B71925AEB200A1CE5F /* Foundation.framework */; };
		049FA4DC1925AEB200A1CE5F /* UIKit.framework in Frameworks */ = {isa = PBXBuildFile; fileRef = 049FA4BB1925AEB200A1CE5F /* UIKit.framework */; };
		049FA4E41925AEB200A1CE5F /* InfoPlist.strings in Resources */ = {isa = PBXBuildFile; fileRef = 049FA4E21925AEB200A1CE5F /* InfoPlist.strings */; };
		049FA4E61925AEB200A1CE5F /* ProjectTempleTests.m in Sources */ = {isa = PBXBuildFile; fileRef = 049FA4E51925AEB200A1CE5F /* ProjectTempleTests.m */; };
		049FA4F11925B9D000A1CE5F /* CKViewController.m in Sources */ = {isa = PBXBuildFile; fileRef = 049FA4F01925B9D000A1CE5F /* CKViewController.m */; };
		049FA5021925BEEC00A1CE5F /* Localization.strings in Resources */ = {isa = PBXBuildFile; fileRef = 049FA5041925BEEC00A1CE5F /* Localization.strings */; };
		049FA5151925E30300A1CE5F /* NSDate+TimeAgo.m in Sources */ = {isa = PBXBuildFile; fileRef = 049FA50C1925E30300A1CE5F /* NSDate+TimeAgo.m */; };
		049FA5161925E30300A1CE5F /* NSDate+Utilities.m in Sources */ = {isa = PBXBuildFile; fileRef = 049FA50E1925E30300A1CE5F /* NSDate+Utilities.m */; };
		049FA5171925E30300A1CE5F /* UIView+Helpers.m in Sources */ = {isa = PBXBuildFile; fileRef = 049FA5121925E30300A1CE5F /* UIView+Helpers.m */; };
		049FA5181925E30300A1CE5F /* UIView+Snapshot.m in Sources */ = {isa = PBXBuildFile; fileRef = 049FA5141925E30300A1CE5F /* UIView+Snapshot.m */; };
		049FA5221925E9D400A1CE5F /* NSString+Helpers.m in Sources */ = {isa = PBXBuildFile; fileRef = 049FA51B1925E9D400A1CE5F /* NSString+Helpers.m */; };
		049FA5231925E9D400A1CE5F /* NSUserDefaults+Helpers.m in Sources */ = {isa = PBXBuildFile; fileRef = 049FA51E1925E9D400A1CE5F /* NSUserDefaults+Helpers.m */; };
		049FA5241925E9D400A1CE5F /* UIColor+Helper.m in Sources */ = {isa = PBXBuildFile; fileRef = 049FA5211925E9D400A1CE5F /* UIColor+Helper.m */; };
		049FA5281925EF3200A1CE5F /* BaseViewController.m in Sources */ = {isa = PBXBuildFile; fileRef = 049FA5271925EF3200A1CE5F /* BaseViewController.m */; };
		049FA5301925F23400A1CE5F /* UIFactory.m in Sources */ = {isa = PBXBuildFile; fileRef = 049FA52F1925F23400A1CE5F /* UIFactory.m */; };
		04CAC8211A10603200CDDF4E /* BaseTableViewCell.m in Sources */ = {isa = PBXBuildFile; fileRef = 04CAC8201A10603200CDDF4E /* BaseTableViewCell.m */; };
		04CAC8241A10613700CDDF4E /* BaseEntity.m in Sources */ = {isa = PBXBuildFile; fileRef = 04CAC8231A10613700CDDF4E /* BaseEntity.m */; };
		04CF776B19334F0D00DBA6EE /* CKAppleItemModel.m in Sources */ = {isa = PBXBuildFile; fileRef = 04CF776A19334F0D00DBA6EE /* CKAppleItemModel.m */; };
		04CF92231A12F6CF00071079 /* InfiniteView.m in Sources */ = {isa = PBXBuildFile; fileRef = 04CF92221A12F6CF00071079 /* InfiniteView.m */; };
		04CF92261A12FD0700071079 /* UIFactory+InfiniteView.m in Sources */ = {isa = PBXBuildFile; fileRef = 04CF92251A12FD0700071079 /* UIFactory+InfiniteView.m */; };
		04CF92291A130B1300071079 /* StatusNotificationView.m in Sources */ = {isa = PBXBuildFile; fileRef = 04CF92281A130B1300071079 /* StatusNotificationView.m */; };
		04D1C0F4192F3B0F00178CDA /* CKLoginViewModel.m in Sources */ = {isa = PBXBuildFile; fileRef = 04D1C0F3192F3B0F00178CDA /* CKLoginViewModel.m */; };
		04D320B21A0B10AC0055EA65 /* PTError.m in Sources */ = {isa = PBXBuildFile; fileRef = 04D320B11A0B10AC0055EA65 /* PTError.m */; };
		04E628601A0A3D7200C2C99C /* PTHTTPRequestBaseManager.m in Sources */ = {isa = PBXBuildFile; fileRef = 04E6285F1A0A3D7200C2C99C /* PTHTTPRequestBaseManager.m */; };
		405879A01A12714600426095 /* UIView+Base.m in Sources */ = {isa = PBXBuildFile; fileRef = 4058799F1A12714600426095 /* UIView+Base.m */; };
		405879A31A12784D00426095 /* UITableView+Base.m in Sources */ = {isa = PBXBuildFile; fileRef = 405879A21A12784D00426095 /* UITableView+Base.m */; };
		F3B6CF1BC9A84705A71DBE4F /* libPods.a in Frameworks */ = {isa = PBXBuildFile; fileRef = 0EA1BBAD392E4D00AE104A83 /* libPods.a */; };
/* End PBXBuildFile section */

/* Begin PBXContainerItemProxy section */
		049FA4DD1925AEB200A1CE5F /* PBXContainerItemProxy */ = {
			isa = PBXContainerItemProxy;
			containerPortal = 049FA4AC1925AEB200A1CE5F /* Project object */;
			proxyType = 1;
			remoteGlobalIDString = 049FA4B31925AEB200A1CE5F;
			remoteInfo = ProjectTemple;
		};
/* End PBXContainerItemProxy section */

/* Begin PBXFileReference section */
		0413260219359E79003E46E8 /* UIFactory+TextField.h */ = {isa = PBXFileReference; fileEncoding = 4; lastKnownFileType = sourcecode.c.h; path = "UIFactory+TextField.h"; sourceTree = "<group>"; };
		0413260319359E79003E46E8 /* UIFactory+TextField.m */ = {isa = PBXFileReference; fileEncoding = 4; lastKnownFileType = sourcecode.c.objc; path = "UIFactory+TextField.m"; sourceTree = "<group>"; };
		0413260519359ED7003E46E8 /* UIFactory+Button.h */ = {isa = PBXFileReference; fileEncoding = 4; lastKnownFileType = sourcecode.c.h; path = "UIFactory+Button.h"; sourceTree = "<group>"; };
		0413260619359ED7003E46E8 /* UIFactory+Button.m */ = {isa = PBXFileReference; fileEncoding = 4; lastKnownFileType = sourcecode.c.objc; path = "UIFactory+Button.m"; sourceTree = "<group>"; };
		0413260819359F26003E46E8 /* UIFactory+Switch.h */ = {isa = PBXFileReference; fileEncoding = 4; lastKnownFileType = sourcecode.c.h; path = "UIFactory+Switch.h"; sourceTree = "<group>"; };
		0413260919359F26003E46E8 /* UIFactory+Switch.m */ = {isa = PBXFileReference; fileEncoding = 4; lastKnownFileType = sourcecode.c.objc; path = "UIFactory+Switch.m"; sourceTree = "<group>"; };
		0413260B19359F5B003E46E8 /* UIFactory+TableView.h */ = {isa = PBXFileReference; fileEncoding = 4; lastKnownFileType = sourcecode.c.h; path = "UIFactory+TableView.h"; sourceTree = "<group>"; };
		0413260C19359F5B003E46E8 /* UIFactory+TableView.m */ = {isa = PBXFileReference; fileEncoding = 4; lastKnownFileType = sourcecode.c.objc; path = "UIFactory+TableView.m"; sourceTree = "<group>"; };
		0413260E19359F91003E46E8 /* UIFactory+Label.h */ = {isa = PBXFileReference; fileEncoding = 4; lastKnownFileType = sourcecode.c.h; path = "UIFactory+Label.h"; sourceTree = "<group>"; };
		0413260F19359F91003E46E8 /* UIFactory+Label.m */ = {isa = PBXFileReference; fileEncoding = 4; lastKnownFileType = sourcecode.c.objc; path = "UIFactory+Label.m"; sourceTree = "<group>"; };
		041326111935A025003E46E8 /* UIFactory+Line.h */ = {isa = PBXFileReference; fileEncoding = 4; lastKnownFileType = sourcecode.c.h; path = "UIFactory+Line.h"; sourceTree = "<group>"; };
		041326121935A025003E46E8 /* UIFactory+Line.m */ = {isa = PBXFileReference; fileEncoding = 4; lastKnownFileType = sourcecode.c.objc; path = "UIFactory+Line.m"; sourceTree = "<group>"; };
		041326141935A09B003E46E8 /* NSString+PDRegex.h */ = {isa = PBXFileReference; fileEncoding = 4; lastKnownFileType = sourcecode.c.h; path = "NSString+PDRegex.h"; sourceTree = "<group>"; };
		041326151935A09B003E46E8 /* NSString+PDRegex.m */ = {isa = PBXFileReference; fileEncoding = 4; lastKnownFileType = sourcecode.c.objc; path = "NSString+PDRegex.m"; sourceTree = "<group>"; };
		041326171935A0E8003E46E8 /* CKUIFactory.h */ = {isa = PBXFileReference; lastKnownFileType = sourcecode.c.h; path = CKUIFactory.h; sourceTree = "<group>"; };
		0413261D1935D0FD003E46E8 /* Settings.bundle */ = {isa = PBXFileReference; lastKnownFileType = "wrapper.plug-in"; path = Settings.bundle; sourceTree = "<group>"; };
		0413261F1935DCE2003E46E8 /* ViewUtils.h */ = {isa = PBXFileReference; fileEncoding = 4; lastKnownFileType = sourcecode.c.h; path = ViewUtils.h; sourceTree = "<group>"; };
		041326201935DCE2003E46E8 /* ViewUtils.m */ = {isa = PBXFileReference; fileEncoding = 4; lastKnownFileType = sourcecode.c.objc; path = ViewUtils.m; sourceTree = "<group>"; };
		041588E91937103700B6D2C4 /* CKAPPDetailViewController.h */ = {isa = PBXFileReference; fileEncoding = 4; lastKnownFileType = sourcecode.c.h; path = CKAPPDetailViewController.h; sourceTree = "<group>"; };
		041588EA1937103700B6D2C4 /* CKAPPDetailViewController.m */ = {isa = PBXFileReference; fileEncoding = 4; lastKnownFileType = sourcecode.c.objc; path = CKAPPDetailViewController.m; sourceTree = "<group>"; };
		041588EC1937140500B6D2C4 /* UIFactory+ImageView.h */ = {isa = PBXFileReference; fileEncoding = 4; lastKnownFileType = sourcecode.c.h; path = "UIFactory+ImageView.h"; sourceTree = "<group>"; };
		041588ED1937140500B6D2C4 /* UIFactory+ImageView.m */ = {isa = PBXFileReference; fileEncoding = 4; lastKnownFileType = sourcecode.c.objc; path = "UIFactory+ImageView.m"; sourceTree = "<group>"; };
		041588EF193721A100B6D2C4 /* CKDetailViewModel.h */ = {isa = PBXFileReference; fileEncoding = 4; lastKnownFileType = sourcecode.c.h; path = CKDetailViewModel.h; sourceTree = "<group>"; };
		041588F0193721A100B6D2C4 /* CKDetailViewModel.m */ = {isa = PBXFileReference; fileEncoding = 4; lastKnownFileType = sourcecode.c.objc; path = CKDetailViewModel.m; sourceTree = "<group>"; };
		041588F31937330C00B6D2C4 /* CKDetailTableViewCell.h */ = {isa = PBXFileReference; fileEncoding = 4; lastKnownFileType = sourcecode.c.h; path = CKDetailTableViewCell.h; sourceTree = "<group>"; };
		041588F41937330C00B6D2C4 /* CKDetailTableViewCell.m */ = {isa = PBXFileReference; fileEncoding = 4; lastKnownFileType = sourcecode.c.objc; path = CKDetailTableViewCell.m; sourceTree = "<group>"; };
		042E767219341EC10047463C /* UserMacro.h */ = {isa = PBXFileReference; lastKnownFileType = sourcecode.c.h; path = UserMacro.h; sourceTree = "<group>"; };
		0430E3CA19357C0C00403629 /* RegExCategories.h */ = {isa = PBXFileReference; fileEncoding = 4; lastKnownFileType = sourcecode.c.h; path = RegExCategories.h; sourceTree = "<group>"; };
		0430E3CB19357C0C00403629 /* RegExCategories.m */ = {isa = PBXFileReference; fileEncoding = 4; lastKnownFileType = sourcecode.c.objc; path = RegExCategories.m; sourceTree = "<group>"; };
		0430E3D0193583DD00403629 /* UILabel+Additions.h */ = {isa = PBXFileReference; fileEncoding = 4; lastKnownFileType = sourcecode.c.h; path = "UILabel+Additions.h"; sourceTree = "<group>"; };
		0430E3D1193583DD00403629 /* UILabel+Additions.m */ = {isa = PBXFileReference; fileEncoding = 4; lastKnownFileType = sourcecode.c.objc; path = "UILabel+Additions.m"; sourceTree = "<group>"; };
		0433F4AE1A09BCB300CBECBF /* BaseTableViewController.h */ = {isa = PBXFileReference; fileEncoding = 4; lastKnownFileType = sourcecode.c.h; path = BaseTableViewController.h; sourceTree = "<group>"; };
		0433F4AF1A09BCB300CBECBF /* BaseTableViewController.m */ = {isa = PBXFileReference; fileEncoding = 4; lastKnownFileType = sourcecode.c.objc; path = BaseTableViewController.m; sourceTree = "<group>"; };
		0433F4B31A09F44D00CBECBF /* Common.h */ = {isa = PBXFileReference; fileEncoding = 4; lastKnownFileType = sourcecode.c.h; path = Common.h; sourceTree = "<group>"; };
		0433F4B41A09F44D00CBECBF /* Common.m */ = {isa = PBXFileReference; fileEncoding = 4; lastKnownFileType = sourcecode.c.objc; path = Common.m; sourceTree = "<group>"; };
		0433F4B61A09FB2E00CBECBF /* UIFactory+StatusNotificationView.h */ = {isa = PBXFileReference; fileEncoding = 4; lastKnownFileType = sourcecode.c.h; path = "UIFactory+StatusNotificationView.h"; sourceTree = "<group>"; };
		0433F4B71A09FB2E00CBECBF /* UIFactory+StatusNotificationView.m */ = {isa = PBXFileReference; fileEncoding = 4; lastKnownFileType = sourcecode.c.objc; path = "UIFactory+StatusNotificationView.m"; sourceTree = "<group>"; };
		0433F4BA1A0A170000CBECBF /* PTHTTPRequestManager.h */ = {isa = PBXFileReference; fileEncoding = 4; lastKnownFileType = sourcecode.c.h; path = PTHTTPRequestManager.h; sourceTree = "<group>"; };
		0433F4BB1A0A170000CBECBF /* PTHTTPRequestManager.m */ = {isa = PBXFileReference; fileEncoding = 4; lastKnownFileType = sourcecode.c.objc; path = PTHTTPRequestManager.m; sourceTree = "<group>"; };
		048EDA181925FCC1006B1230 /* CKLoginViewController.h */ = {isa = PBXFileReference; fileEncoding = 4; lastKnownFileType = sourcecode.c.h; path = CKLoginViewController.h; sourceTree = "<group>"; };
		048EDA191925FCC1006B1230 /* CKLoginViewController.m */ = {isa = PBXFileReference; fileEncoding = 4; lastKnownFileType = sourcecode.c.objc; path = CKLoginViewController.m; sourceTree = "<group>"; };
		0496967C1A0CB358005497B9 /* BaseViewControllerProtocol.h */ = {isa = PBXFileReference; fileEncoding = 4; lastKnownFileType = sourcecode.c.h; path = BaseViewControllerProtocol.h; sourceTree = "<group>"; };
		0496967D1A0CD250005497B9 /* UIViewController+Base.h */ = {isa = PBXFileReference; fileEncoding = 4; lastKnownFileType = sourcecode.c.h; path = "UIViewController+Base.h"; sourceTree = "<group>"; };
		0496967E1A0CD250005497B9 /* UIViewController+Base.m */ = {isa = PBXFileReference; fileEncoding = 4; lastKnownFileType = sourcecode.c.objc; path = "UIViewController+Base.m"; sourceTree = "<group>"; };
		049FA4B41925AEB200A1CE5F /* ProjectTemple.app */ = {isa = PBXFileReference; explicitFileType = wrapper.application; includeInIndex = 0; path = ProjectTemple.app; sourceTree = BUILT_PRODUCTS_DIR; };
		049FA4B71925AEB200A1CE5F /* Foundation.framework */ = {isa = PBXFileReference; lastKnownFileType = wrapper.framework; name = Foundation.framework; path = System/Library/Frameworks/Foundation.framework; sourceTree = SDKROOT; };
		049FA4B91925AEB200A1CE5F /* CoreGraphics.framework */ = {isa = PBXFileReference; lastKnownFileType = wrapper.framework; name = CoreGraphics.framework; path = System/Library/Frameworks/CoreGraphics.framework; sourceTree = SDKROOT; };
		049FA4BB1925AEB200A1CE5F /* UIKit.framework */ = {isa = PBXFileReference; lastKnownFileType = wrapper.framework; name = UIKit.framework; path = System/Library/Frameworks/UIKit.framework; sourceTree = SDKROOT; };
		049FA4BF1925AEB200A1CE5F /* ProjectTemple-Info.plist */ = {isa = PBXFileReference; lastKnownFileType = text.plist.xml; path = "ProjectTemple-Info.plist"; sourceTree = "<group>"; };
		049FA4C31925AEB200A1CE5F /* main.m */ = {isa = PBXFileReference; lastKnownFileType = sourcecode.c.objc; path = main.m; sourceTree = "<group>"; };
		049FA4C51925AEB200A1CE5F /* ProjectTemple-Prefix.pch */ = {isa = PBXFileReference; lastKnownFileType = sourcecode.c.h; path = "ProjectTemple-Prefix.pch"; sourceTree = "<group>"; };
		049FA4C61925AEB200A1CE5F /* CKAppDelegate.h */ = {isa = PBXFileReference; lastKnownFileType = sourcecode.c.h; path = CKAppDelegate.h; sourceTree = "<group>"; };
		049FA4C71925AEB200A1CE5F /* CKAppDelegate.m */ = {isa = PBXFileReference; lastKnownFileType = sourcecode.c.objc; path = CKAppDelegate.m; sourceTree = "<group>"; };
		049FA4D21925AEB200A1CE5F /* Images.xcassets */ = {isa = PBXFileReference; lastKnownFileType = folder.assetcatalog; path = Images.xcassets; sourceTree = "<group>"; };
		049FA4D81925AEB200A1CE5F /* ProjectTempleTests.xctest */ = {isa = PBXFileReference; explicitFileType = wrapper.cfbundle; includeInIndex = 0; path = ProjectTempleTests.xctest; sourceTree = BUILT_PRODUCTS_DIR; };
		049FA4D91925AEB200A1CE5F /* XCTest.framework */ = {isa = PBXFileReference; lastKnownFileType = wrapper.framework; name = XCTest.framework; path = Library/Frameworks/XCTest.framework; sourceTree = DEVELOPER_DIR; };
		049FA4E11925AEB200A1CE5F /* ProjectTempleTests-Info.plist */ = {isa = PBXFileReference; lastKnownFileType = text.plist.xml; path = "ProjectTempleTests-Info.plist"; sourceTree = "<group>"; };
		049FA4E31925AEB200A1CE5F /* en */ = {isa = PBXFileReference; lastKnownFileType = text.plist.strings; name = en; path = en.lproj/InfoPlist.strings; sourceTree = "<group>"; };
		049FA4E51925AEB200A1CE5F /* ProjectTempleTests.m */ = {isa = PBXFileReference; lastKnownFileType = sourcecode.c.objc; path = ProjectTempleTests.m; sourceTree = "<group>"; };
		049FA4EF1925B9D000A1CE5F /* CKViewController.h */ = {isa = PBXFileReference; fileEncoding = 4; lastKnownFileType = sourcecode.c.h; path = CKViewController.h; sourceTree = "<group>"; };
		049FA4F01925B9D000A1CE5F /* CKViewController.m */ = {isa = PBXFileReference; fileEncoding = 4; lastKnownFileType = sourcecode.c.objc; path = CKViewController.m; sourceTree = "<group>"; };
		049FA4FD1925BC4500A1CE5F /* Config.h */ = {isa = PBXFileReference; fileEncoding = 4; lastKnownFileType = sourcecode.c.h; path = Config.h; sourceTree = "<group>"; };
		049FA5051925BF4C00A1CE5F /* en */ = {isa = PBXFileReference; lastKnownFileType = text.plist.strings; name = en; path = en.lproj/Localization.strings; sourceTree = "<group>"; };
		049FA5071925BFAB00A1CE5F /* zh-Hans */ = {isa = PBXFileReference; lastKnownFileType = text.plist.strings; name = "zh-Hans"; path = "zh-Hans.lproj/Localization.strings"; sourceTree = "<group>"; };
		049FA5081925BFAB00A1CE5F /* zh-Hans */ = {isa = PBXFileReference; lastKnownFileType = text.plist.strings; name = "zh-Hans"; path = "zh-Hans.lproj/InfoPlist.strings"; sourceTree = "<group>"; };
		049FA50B1925E30300A1CE5F /* NSDate+TimeAgo.h */ = {isa = PBXFileReference; fileEncoding = 4; lastKnownFileType = sourcecode.c.h; path = "NSDate+TimeAgo.h"; sourceTree = "<group>"; };
		049FA50C1925E30300A1CE5F /* NSDate+TimeAgo.m */ = {isa = PBXFileReference; fileEncoding = 4; lastKnownFileType = sourcecode.c.objc; path = "NSDate+TimeAgo.m"; sourceTree = "<group>"; };
		049FA50D1925E30300A1CE5F /* NSDate+Utilities.h */ = {isa = PBXFileReference; fileEncoding = 4; lastKnownFileType = sourcecode.c.h; path = "NSDate+Utilities.h"; sourceTree = "<group>"; };
		049FA50E1925E30300A1CE5F /* NSDate+Utilities.m */ = {isa = PBXFileReference; fileEncoding = 4; lastKnownFileType = sourcecode.c.objc; path = "NSDate+Utilities.m"; sourceTree = "<group>"; };
		049FA5111925E30300A1CE5F /* UIView+Helpers.h */ = {isa = PBXFileReference; fileEncoding = 4; lastKnownFileType = sourcecode.c.h; path = "UIView+Helpers.h"; sourceTree = "<group>"; };
		049FA5121925E30300A1CE5F /* UIView+Helpers.m */ = {isa = PBXFileReference; fileEncoding = 4; lastKnownFileType = sourcecode.c.objc; path = "UIView+Helpers.m"; sourceTree = "<group>"; };
		049FA5131925E30300A1CE5F /* UIView+Snapshot.h */ = {isa = PBXFileReference; fileEncoding = 4; lastKnownFileType = sourcecode.c.h; path = "UIView+Snapshot.h"; sourceTree = "<group>"; };
		049FA5141925E30300A1CE5F /* UIView+Snapshot.m */ = {isa = PBXFileReference; fileEncoding = 4; lastKnownFileType = sourcecode.c.objc; path = "UIView+Snapshot.m"; sourceTree = "<group>"; };
		049FA51A1925E9D400A1CE5F /* NSString+Helpers.h */ = {isa = PBXFileReference; fileEncoding = 4; lastKnownFileType = sourcecode.c.h; path = "NSString+Helpers.h"; sourceTree = "<group>"; };
		049FA51B1925E9D400A1CE5F /* NSString+Helpers.m */ = {isa = PBXFileReference; fileEncoding = 4; lastKnownFileType = sourcecode.c.objc; path = "NSString+Helpers.m"; sourceTree = "<group>"; };
		049FA51D1925E9D400A1CE5F /* NSUserDefaults+Helpers.h */ = {isa = PBXFileReference; fileEncoding = 4; lastKnownFileType = sourcecode.c.h; path = "NSUserDefaults+Helpers.h"; sourceTree = "<group>"; };
		049FA51E1925E9D400A1CE5F /* NSUserDefaults+Helpers.m */ = {isa = PBXFileReference; fileEncoding = 4; lastKnownFileType = sourcecode.c.objc; path = "NSUserDefaults+Helpers.m"; sourceTree = "<group>"; };
		049FA5201925E9D400A1CE5F /* UIColor+Helper.h */ = {isa = PBXFileReference; fileEncoding = 4; lastKnownFileType = sourcecode.c.h; path = "UIColor+Helper.h"; sourceTree = "<group>"; };
		049FA5211925E9D400A1CE5F /* UIColor+Helper.m */ = {isa = PBXFileReference; fileEncoding = 4; lastKnownFileType = sourcecode.c.objc; path = "UIColor+Helper.m"; sourceTree = "<group>"; };
		049FA5261925EF3200A1CE5F /* BaseViewController.h */ = {isa = PBXFileReference; fileEncoding = 4; lastKnownFileType = sourcecode.c.h; path = BaseViewController.h; sourceTree = "<group>"; };
		049FA5271925EF3200A1CE5F /* BaseViewController.m */ = {isa = PBXFileReference; fileEncoding = 4; lastKnownFileType = sourcecode.c.objc; path = BaseViewController.m; sourceTree = "<group>"; };
		049FA52E1925F23400A1CE5F /* UIFactory.h */ = {isa = PBXFileReference; fileEncoding = 4; lastKnownFileType = sourcecode.c.h; path = UIFactory.h; sourceTree = "<group>"; };
		049FA52F1925F23400A1CE5F /* UIFactory.m */ = {isa = PBXFileReference; fileEncoding = 4; lastKnownFileType = sourcecode.c.objc; path = UIFactory.m; sourceTree = "<group>"; };
		049FA5321925F2A100A1CE5F /* Macro.h */ = {isa = PBXFileReference; fileEncoding = 4; lastKnownFileType = sourcecode.c.h; path = Macro.h; sourceTree = "<group>"; };
		04CAC81F1A10603200CDDF4E /* BaseTableViewCell.h */ = {isa = PBXFileReference; fileEncoding = 4; lastKnownFileType = sourcecode.c.h; path = BaseTableViewCell.h; sourceTree = "<group>"; };
		04CAC8201A10603200CDDF4E /* BaseTableViewCell.m */ = {isa = PBXFileReference; fileEncoding = 4; lastKnownFileType = sourcecode.c.objc; path = BaseTableViewCell.m; sourceTree = "<group>"; };
		04CAC8221A10613700CDDF4E /* BaseEntity.h */ = {isa = PBXFileReference; fileEncoding = 4; lastKnownFileType = sourcecode.c.h; path = BaseEntity.h; sourceTree = "<group>"; };
		04CAC8231A10613700CDDF4E /* BaseEntity.m */ = {isa = PBXFileReference; fileEncoding = 4; lastKnownFileType = sourcecode.c.objc; path = BaseEntity.m; sourceTree = "<group>"; };
		04CF776919334F0C00DBA6EE /* CKAppleItemModel.h */ = {isa = PBXFileReference; fileEncoding = 4; lastKnownFileType = sourcecode.c.h; path = CKAppleItemModel.h; sourceTree = "<group>"; };
		04CF776A19334F0D00DBA6EE /* CKAppleItemModel.m */ = {isa = PBXFileReference; fileEncoding = 4; lastKnownFileType = sourcecode.c.objc; path = CKAppleItemModel.m; sourceTree = "<group>"; };
		04CF92201A12E88800071079 /* Base.h */ = {isa = PBXFileReference; fileEncoding = 4; lastKnownFileType = sourcecode.c.h; path = Base.h; sourceTree = "<group>"; };
		04CF92211A12F6CF00071079 /* InfiniteView.h */ = {isa = PBXFileReference; fileEncoding = 4; lastKnownFileType = sourcecode.c.h; path = InfiniteView.h; sourceTree = "<group>"; };
		04CF92221A12F6CF00071079 /* InfiniteView.m */ = {isa = PBXFileReference; fileEncoding = 4; lastKnownFileType = sourcecode.c.objc; path = InfiniteView.m; sourceTree = "<group>"; };
		04CF92241A12FD0700071079 /* UIFactory+InfiniteView.h */ = {isa = PBXFileReference; fileEncoding = 4; lastKnownFileType = sourcecode.c.h; path = "UIFactory+InfiniteView.h"; sourceTree = "<group>"; };
		04CF92251A12FD0700071079 /* UIFactory+InfiniteView.m */ = {isa = PBXFileReference; fileEncoding = 4; lastKnownFileType = sourcecode.c.objc; path = "UIFactory+InfiniteView.m"; sourceTree = "<group>"; };
		04CF92271A130B1300071079 /* StatusNotificationView.h */ = {isa = PBXFileReference; fileEncoding = 4; lastKnownFileType = sourcecode.c.h; path = StatusNotificationView.h; sourceTree = "<group>"; };
		04CF92281A130B1300071079 /* StatusNotificationView.m */ = {isa = PBXFileReference; fileEncoding = 4; lastKnownFileType = sourcecode.c.objc; path = StatusNotificationView.m; sourceTree = "<group>"; };
		04D1C0F2192F3B0F00178CDA /* CKLoginViewModel.h */ = {isa = PBXFileReference; fileEncoding = 4; lastKnownFileType = sourcecode.c.h; path = CKLoginViewModel.h; sourceTree = "<group>"; };
		04D1C0F3192F3B0F00178CDA /* CKLoginViewModel.m */ = {isa = PBXFileReference; fileEncoding = 4; lastKnownFileType = sourcecode.c.objc; path = CKLoginViewModel.m; sourceTree = "<group>"; };
		04D320B01A0B10AC0055EA65 /* PTError.h */ = {isa = PBXFileReference; fileEncoding = 4; lastKnownFileType = sourcecode.c.h; path = PTError.h; sourceTree = "<group>"; };
		04D320B11A0B10AC0055EA65 /* PTError.m */ = {isa = PBXFileReference; fileEncoding = 4; lastKnownFileType = sourcecode.c.objc; path = PTError.m; sourceTree = "<group>"; };
		04E6285E1A0A3D7200C2C99C /* PTHTTPRequestBaseManager.h */ = {isa = PBXFileReference; fileEncoding = 4; lastKnownFileType = sourcecode.c.h; path = PTHTTPRequestBaseManager.h; sourceTree = "<group>"; };
		04E6285F1A0A3D7200C2C99C /* PTHTTPRequestBaseManager.m */ = {isa = PBXFileReference; fileEncoding = 4; lastKnownFileType = sourcecode.c.objc; path = PTHTTPRequestBaseManager.m; sourceTree = "<group>"; };
		0EA1BBAD392E4D00AE104A83 /* libPods.a */ = {isa = PBXFileReference; explicitFileType = archive.ar; includeInIndex = 0; path = libPods.a; sourceTree = BUILT_PRODUCTS_DIR; };
		31D8AFB2D9B9C10F020BF81F /* Pods.debug.xcconfig */ = {isa = PBXFileReference; includeInIndex = 1; lastKnownFileType = text.xcconfig; name = Pods.debug.xcconfig; path = "Pods/Target Support Files/Pods/Pods.debug.xcconfig"; sourceTree = "<group>"; };
		4058799E1A12714600426095 /* UIView+Base.h */ = {isa = PBXFileReference; fileEncoding = 4; lastKnownFileType = sourcecode.c.h; path = "UIView+Base.h"; sourceTree = "<group>"; };
		4058799F1A12714600426095 /* UIView+Base.m */ = {isa = PBXFileReference; fileEncoding = 4; lastKnownFileType = sourcecode.c.objc; path = "UIView+Base.m"; sourceTree = "<group>"; };
		405879A11A12784D00426095 /* UITableView+Base.h */ = {isa = PBXFileReference; fileEncoding = 4; lastKnownFileType = sourcecode.c.h; path = "UITableView+Base.h"; sourceTree = "<group>"; };
		405879A21A12784D00426095 /* UITableView+Base.m */ = {isa = PBXFileReference; fileEncoding = 4; lastKnownFileType = sourcecode.c.objc; path = "UITableView+Base.m"; sourceTree = "<group>"; };
		605736A8BEFAA35A3C9DE287 /* Pods.release.xcconfig */ = {isa = PBXFileReference; includeInIndex = 1; lastKnownFileType = text.xcconfig; name = Pods.release.xcconfig; path = "Pods/Target Support Files/Pods/Pods.release.xcconfig"; sourceTree = "<group>"; };
/* End PBXFileReference section */

/* Begin PBXFrameworksBuildPhase section */
		049FA4B11925AEB200A1CE5F /* Frameworks */ = {
			isa = PBXFrameworksBuildPhase;
			buildActionMask = 2147483647;
			files = (
				049FA4BA1925AEB200A1CE5F /* CoreGraphics.framework in Frameworks */,
				049FA4BC1925AEB200A1CE5F /* UIKit.framework in Frameworks */,
				049FA4B81925AEB200A1CE5F /* Foundation.framework in Frameworks */,
				F3B6CF1BC9A84705A71DBE4F /* libPods.a in Frameworks */,
			);
			runOnlyForDeploymentPostprocessing = 0;
		};
		049FA4D51925AEB200A1CE5F /* Frameworks */ = {
			isa = PBXFrameworksBuildPhase;
			buildActionMask = 2147483647;
			files = (
				049FA4DA1925AEB200A1CE5F /* XCTest.framework in Frameworks */,
				049FA4DC1925AEB200A1CE5F /* UIKit.framework in Frameworks */,
				049FA4DB1925AEB200A1CE5F /* Foundation.framework in Frameworks */,
			);
			runOnlyForDeploymentPostprocessing = 0;
		};
/* End PBXFrameworksBuildPhase section */

/* Begin PBXGroup section */
		041326181935BA72003E46E8 /* Bundle */ = {
			isa = PBXGroup;
			children = (
				0413261D1935D0FD003E46E8 /* Settings.bundle */,
			);
			path = Bundle;
			sourceTree = "<group>";
		};
		041588F2193732FF00B6D2C4 /* View */ = {
			isa = PBXGroup;
			children = (
				041588F31937330C00B6D2C4 /* CKDetailTableViewCell.h */,
				041588F41937330C00B6D2C4 /* CKDetailTableViewCell.m */,
			);
			path = View;
			sourceTree = "<group>";
		};
		042E76731934601D0047463C /* UILabel */ = {
			isa = PBXGroup;
			children = (
				0430E3D0193583DD00403629 /* UILabel+Additions.h */,
				0430E3D1193583DD00403629 /* UILabel+Additions.m */,
			);
			path = UILabel;
			sourceTree = "<group>";
		};
		0430E3C919357C0C00403629 /* NSRegularExpression */ = {
			isa = PBXGroup;
			children = (
				0430E3CA19357C0C00403629 /* RegExCategories.h */,
				0430E3CB19357C0C00403629 /* RegExCategories.m */,
			);
			path = NSRegularExpression;
			sourceTree = "<group>";
		};
		0433F4B11A09D11200CBECBF /* Common */ = {
			isa = PBXGroup;
			children = (
				0433F4B31A09F44D00CBECBF /* Common.h */,
				0433F4B41A09F44D00CBECBF /* Common.m */,
			);
			path = Common;
			sourceTree = "<group>";
		};
		0433F4B21A09D12D00CBECBF /* OtherFile */ = {
			isa = PBXGroup;
			children = (
			);
			path = OtherFile;
			sourceTree = "<group>";
		};
		0433F4B91A0A16D100CBECBF /* RequestManager */ = {
			isa = PBXGroup;
			children = (
				04E6285E1A0A3D7200C2C99C /* PTHTTPRequestBaseManager.h */,
				04E6285F1A0A3D7200C2C99C /* PTHTTPRequestBaseManager.m */,
				0433F4BA1A0A170000CBECBF /* PTHTTPRequestManager.h */,
				0433F4BB1A0A170000CBECBF /* PTHTTPRequestManager.m */,
				04D320B01A0B10AC0055EA65 /* PTError.h */,
				04D320B11A0B10AC0055EA65 /* PTError.m */,
			);
			path = RequestManager;
			sourceTree = "<group>";
		};
		048EDA141925FCAC006B1230 /* LoginModule */ = {
			isa = PBXGroup;
			children = (
				041588F2193732FF00B6D2C4 /* View */,
				048EDA151925FCAC006B1230 /* Model */,
				048EDA161925FCAC006B1230 /* UIViewController */,
			);
			path = LoginModule;
			sourceTree = "<group>";
		};
		048EDA151925FCAC006B1230 /* Model */ = {
			isa = PBXGroup;
			children = (
				04D1C0F2192F3B0F00178CDA /* CKLoginViewModel.h */,
				04D1C0F3192F3B0F00178CDA /* CKLoginViewModel.m */,
				04CF776919334F0C00DBA6EE /* CKAppleItemModel.h */,
				04CF776A19334F0D00DBA6EE /* CKAppleItemModel.m */,
				041588EF193721A100B6D2C4 /* CKDetailViewModel.h */,
				041588F0193721A100B6D2C4 /* CKDetailViewModel.m */,
			);
			path = Model;
			sourceTree = "<group>";
		};
		048EDA161925FCAC006B1230 /* UIViewController */ = {
			isa = PBXGroup;
			children = (
				048EDA181925FCC1006B1230 /* CKLoginViewController.h */,
				048EDA191925FCC1006B1230 /* CKLoginViewController.m */,
				041588E91937103700B6D2C4 /* CKAPPDetailViewController.h */,
				041588EA1937103700B6D2C4 /* CKAPPDetailViewController.m */,
			);
			path = UIViewController;
			sourceTree = "<group>";
		};
		049FA4AB1925AEB200A1CE5F = {
			isa = PBXGroup;
			children = (
				049FA4BD1925AEB200A1CE5F /* ProjectTemple */,
				049FA4DF1925AEB200A1CE5F /* ProjectTempleTests */,
				049FA4B61925AEB200A1CE5F /* Frameworks */,
				049FA4B51925AEB200A1CE5F /* Products */,
				0B363AC69CC840711C364AE9 /* Pods */,
			);
			sourceTree = "<group>";
		};
		049FA4B51925AEB200A1CE5F /* Products */ = {
			isa = PBXGroup;
			children = (
				049FA4B41925AEB200A1CE5F /* ProjectTemple.app */,
				049FA4D81925AEB200A1CE5F /* ProjectTempleTests.xctest */,
			);
			name = Products;
			sourceTree = "<group>";
		};
		049FA4B61925AEB200A1CE5F /* Frameworks */ = {
			isa = PBXGroup;
			children = (
				049FA4B71925AEB200A1CE5F /* Foundation.framework */,
				049FA4B91925AEB200A1CE5F /* CoreGraphics.framework */,
				049FA4BB1925AEB200A1CE5F /* UIKit.framework */,
				049FA4D91925AEB200A1CE5F /* XCTest.framework */,
				0EA1BBAD392E4D00AE104A83 /* libPods.a */,
			);
			name = Frameworks;
			sourceTree = "<group>";
		};
		049FA4BD1925AEB200A1CE5F /* ProjectTemple */ = {
			isa = PBXGroup;
			children = (
				0433F4B11A09D11200CBECBF /* Common */,
				049FA5251925EEFF00A1CE5F /* Base */,
				049FA4F21925BC1B00A1CE5F /* Config */,
				049FA4F31925BC1B00A1CE5F /* CustomView */,
				049FA4F41925BC1B00A1CE5F /* Modules */,
				049FA4F91925BC1B00A1CE5F /* Resource */,
				049FA4FC1925BC1B00A1CE5F /* Utils */,
				049FA4C61925AEB200A1CE5F /* CKAppDelegate.h */,
				049FA4C71925AEB200A1CE5F /* CKAppDelegate.m */,
				049FA4EF1925B9D000A1CE5F /* CKViewController.h */,
				049FA4F01925B9D000A1CE5F /* CKViewController.m */,
				049FA4D21925AEB200A1CE5F /* Images.xcassets */,
				049FA4BE1925AEB200A1CE5F /* Supporting Files */,
			);
			path = ProjectTemple;
			sourceTree = "<group>";
		};
		049FA4BE1925AEB200A1CE5F /* Supporting Files */ = {
			isa = PBXGroup;
			children = (
				049FA4BF1925AEB200A1CE5F /* ProjectTemple-Info.plist */,
				049FA4C31925AEB200A1CE5F /* main.m */,
				049FA4C51925AEB200A1CE5F /* ProjectTemple-Prefix.pch */,
				049FA5041925BEEC00A1CE5F /* Localization.strings */,
			);
			name = "Supporting Files";
			sourceTree = "<group>";
		};
		049FA4DF1925AEB200A1CE5F /* ProjectTempleTests */ = {
			isa = PBXGroup;
			children = (
				049FA4E51925AEB200A1CE5F /* ProjectTempleTests.m */,
				049FA4E01925AEB200A1CE5F /* Supporting Files */,
			);
			path = ProjectTempleTests;
			sourceTree = "<group>";
		};
		049FA4E01925AEB200A1CE5F /* Supporting Files */ = {
			isa = PBXGroup;
			children = (
				049FA4E11925AEB200A1CE5F /* ProjectTempleTests-Info.plist */,
				049FA4E21925AEB200A1CE5F /* InfoPlist.strings */,
			);
			name = "Supporting Files";
			sourceTree = "<group>";
		};
		049FA4F21925BC1B00A1CE5F /* Config */ = {
			isa = PBXGroup;
			children = (
				049FA4FD1925BC4500A1CE5F /* Config.h */,
			);
			path = Config;
			sourceTree = "<group>";
		};
		049FA4F31925BC1B00A1CE5F /* CustomView */ = {
			isa = PBXGroup;
			children = (
				04CF92211A12F6CF00071079 /* InfiniteView.h */,
				04CF92221A12F6CF00071079 /* InfiniteView.m */,
				04CF92271A130B1300071079 /* StatusNotificationView.h */,
				04CF92281A130B1300071079 /* StatusNotificationView.m */,
			);
			path = CustomView;
			sourceTree = "<group>";
		};
		049FA4F41925BC1B00A1CE5F /* Modules */ = {
			isa = PBXGroup;
			children = (
				048EDA141925FCAC006B1230 /* LoginModule */,
				049FA4F51925BC1B00A1CE5F /* XXXModule */,
			);
			path = Modules;
			sourceTree = "<group>";
		};
		049FA4F51925BC1B00A1CE5F /* XXXModule */ = {
			isa = PBXGroup;
			children = (
				049FA4F61925BC1B00A1CE5F /* Model */,
				049FA4F71925BC1B00A1CE5F /* UIViewController */,
				049FA4F81925BC1B00A1CE5F /* View */,
			);
			path = XXXModule;
			sourceTree = "<group>";
		};
		049FA4F61925BC1B00A1CE5F /* Model */ = {
			isa = PBXGroup;
			children = (
			);
			path = Model;
			sourceTree = "<group>";
		};
		049FA4F71925BC1B00A1CE5F /* UIViewController */ = {
			isa = PBXGroup;
			children = (
			);
			path = UIViewController;
			sourceTree = "<group>";
		};
		049FA4F81925BC1B00A1CE5F /* View */ = {
			isa = PBXGroup;
			children = (
			);
			path = View;
			sourceTree = "<group>";
		};
		049FA4F91925BC1B00A1CE5F /* Resource */ = {
			isa = PBXGroup;
			children = (
				0433F4B21A09D12D00CBECBF /* OtherFile */,
				041326181935BA72003E46E8 /* Bundle */,
				049FA4FA1925BC1B00A1CE5F /* Image */,
				049FA4FB1925BC1B00A1CE5F /* Plist */,
			);
			path = Resource;
			sourceTree = "<group>";
		};
		049FA4FA1925BC1B00A1CE5F /* Image */ = {
			isa = PBXGroup;
			children = (
			);
			path = Image;
			sourceTree = "<group>";
		};
		049FA4FB1925BC1B00A1CE5F /* Plist */ = {
			isa = PBXGroup;
			children = (
			);
			path = Plist;
			sourceTree = "<group>";
		};
		049FA4FC1925BC1B00A1CE5F /* Utils */ = {
			isa = PBXGroup;
			children = (
				049FA52D1925F23400A1CE5F /* UIFactory */,
				0433F4B91A0A16D100CBECBF /* RequestManager */,
				049FA5311925F2A100A1CE5F /* Macro */,
				049FA5091925E30300A1CE5F /* Category */,
			);
			path = Utils;
			sourceTree = "<group>";
		};
		049FA5091925E30300A1CE5F /* Category */ = {
			isa = PBXGroup;
			children = (
				0430E3C919357C0C00403629 /* NSRegularExpression */,
				042E76731934601D0047463C /* UILabel */,
				049FA5191925E9D400A1CE5F /* NSString */,
				049FA51C1925E9D400A1CE5F /* NSUserDefualt */,
				049FA51F1925E9D400A1CE5F /* UIColor */,
				049FA50A1925E30300A1CE5F /* NSDate */,
				049FA5101925E30300A1CE5F /* UIView */,
			);
			path = Category;
			sourceTree = "<group>";
		};
		049FA50A1925E30300A1CE5F /* NSDate */ = {
			isa = PBXGroup;
			children = (
				049FA50B1925E30300A1CE5F /* NSDate+TimeAgo.h */,
				049FA50C1925E30300A1CE5F /* NSDate+TimeAgo.m */,
				049FA50D1925E30300A1CE5F /* NSDate+Utilities.h */,
				049FA50E1925E30300A1CE5F /* NSDate+Utilities.m */,
			);
			path = NSDate;
			sourceTree = "<group>";
		};
		049FA5101925E30300A1CE5F /* UIView */ = {
			isa = PBXGroup;
			children = (
				0413261F1935DCE2003E46E8 /* ViewUtils.h */,
				041326201935DCE2003E46E8 /* ViewUtils.m */,
				049FA5111925E30300A1CE5F /* UIView+Helpers.h */,
				049FA5121925E30300A1CE5F /* UIView+Helpers.m */,
				049FA5131925E30300A1CE5F /* UIView+Snapshot.h */,
				049FA5141925E30300A1CE5F /* UIView+Snapshot.m */,
			);
			name = UIView;
			path = "UIView+Help";
			sourceTree = "<group>";
		};
		049FA5191925E9D400A1CE5F /* NSString */ = {
			isa = PBXGroup;
			children = (
				041326141935A09B003E46E8 /* NSString+PDRegex.h */,
				041326151935A09B003E46E8 /* NSString+PDRegex.m */,
				049FA51A1925E9D400A1CE5F /* NSString+Helpers.h */,
				049FA51B1925E9D400A1CE5F /* NSString+Helpers.m */,
			);
			path = NSString;
			sourceTree = "<group>";
		};
		049FA51C1925E9D400A1CE5F /* NSUserDefualt */ = {
			isa = PBXGroup;
			children = (
				049FA51D1925E9D400A1CE5F /* NSUserDefaults+Helpers.h */,
				049FA51E1925E9D400A1CE5F /* NSUserDefaults+Helpers.m */,
			);
			path = NSUserDefualt;
			sourceTree = "<group>";
		};
		049FA51F1925E9D400A1CE5F /* UIColor */ = {
			isa = PBXGroup;
			children = (
				049FA5201925E9D400A1CE5F /* UIColor+Helper.h */,
				049FA5211925E9D400A1CE5F /* UIColor+Helper.m */,
			);
			path = UIColor;
			sourceTree = "<group>";
		};
		049FA5251925EEFF00A1CE5F /* Base */ = {
			isa = PBXGroup;
			children = (
				04CF92201A12E88800071079 /* Base.h */,
				0496967C1A0CB358005497B9 /* BaseViewControllerProtocol.h */,
				4058799E1A12714600426095 /* UIView+Base.h */,
				4058799F1A12714600426095 /* UIView+Base.m */,
				405879A11A12784D00426095 /* UITableView+Base.h */,
				405879A21A12784D00426095 /* UITableView+Base.m */,
				0496967D1A0CD250005497B9 /* UIViewController+Base.h */,
				0496967E1A0CD250005497B9 /* UIViewController+Base.m */,
				049FA5261925EF3200A1CE5F /* BaseViewController.h */,
				049FA5271925EF3200A1CE5F /* BaseViewController.m */,
				0433F4AE1A09BCB300CBECBF /* BaseTableViewController.h */,
				0433F4AF1A09BCB300CBECBF /* BaseTableViewController.m */,
				04CAC81F1A10603200CDDF4E /* BaseTableViewCell.h */,
				04CAC8201A10603200CDDF4E /* BaseTableViewCell.m */,
				04CAC8221A10613700CDDF4E /* BaseEntity.h */,
				04CAC8231A10613700CDDF4E /* BaseEntity.m */,
			);
			path = Base;
			sourceTree = "<group>";
		};
		049FA52D1925F23400A1CE5F /* UIFactory */ = {
			isa = PBXGroup;
			children = (
				041326171935A0E8003E46E8 /* CKUIFactory.h */,
				049FA52E1925F23400A1CE5F /* UIFactory.h */,
				049FA52F1925F23400A1CE5F /* UIFactory.m */,
				0413260219359E79003E46E8 /* UIFactory+TextField.h */,
				0413260319359E79003E46E8 /* UIFactory+TextField.m */,
				0413260519359ED7003E46E8 /* UIFactory+Button.h */,
				0413260619359ED7003E46E8 /* UIFactory+Button.m */,
				0413260819359F26003E46E8 /* UIFactory+Switch.h */,
				0413260919359F26003E46E8 /* UIFactory+Switch.m */,
				0413260B19359F5B003E46E8 /* UIFactory+TableView.h */,
				0413260C19359F5B003E46E8 /* UIFactory+TableView.m */,
				0413260E19359F91003E46E8 /* UIFactory+Label.h */,
				0413260F19359F91003E46E8 /* UIFactory+Label.m */,
				041326111935A025003E46E8 /* UIFactory+Line.h */,
				041326121935A025003E46E8 /* UIFactory+Line.m */,
				041588EC1937140500B6D2C4 /* UIFactory+ImageView.h */,
				041588ED1937140500B6D2C4 /* UIFactory+ImageView.m */,
				0433F4B61A09FB2E00CBECBF /* UIFactory+StatusNotificationView.h */,
				0433F4B71A09FB2E00CBECBF /* UIFactory+StatusNotificationView.m */,
				04CF92241A12FD0700071079 /* UIFactory+InfiniteView.h */,
				04CF92251A12FD0700071079 /* UIFactory+InfiniteView.m */,
			);
			path = UIFactory;
			sourceTree = "<group>";
		};
		049FA5311925F2A100A1CE5F /* Macro */ = {
			isa = PBXGroup;
			children = (
				049FA5321925F2A100A1CE5F /* Macro.h */,
				042E767219341EC10047463C /* UserMacro.h */,
			);
			name = Macro;
			path = macro;
			sourceTree = "<group>";
		};
		0B363AC69CC840711C364AE9 /* Pods */ = {
			isa = PBXGroup;
			children = (
				31D8AFB2D9B9C10F020BF81F /* Pods.debug.xcconfig */,
				605736A8BEFAA35A3C9DE287 /* Pods.release.xcconfig */,
			);
			name = Pods;
			sourceTree = "<group>";
		};
/* End PBXGroup section */

/* Begin PBXNativeTarget section */
		049FA4B31925AEB200A1CE5F /* ProjectTemple */ = {
			isa = PBXNativeTarget;
			buildConfigurationList = 049FA4E91925AEB200A1CE5F /* Build configuration list for PBXNativeTarget "ProjectTemple" */;
			buildPhases = (
				38D2EA312A804CA8818D309A /* Check Pods Manifest.lock */,
				049FA4B01925AEB200A1CE5F /* Sources */,
				049FA4B11925AEB200A1CE5F /* Frameworks */,
				049FA4B21925AEB200A1CE5F /* Resources */,
				DCD247347C60453385869E38 /* Copy Pods Resources */,
			);
			buildRules = (
			);
			dependencies = (
			);
			name = ProjectTemple;
			productName = ProjectTemple;
			productReference = 049FA4B41925AEB200A1CE5F /* ProjectTemple.app */;
			productType = "com.apple.product-type.application";
		};
		049FA4D71925AEB200A1CE5F /* ProjectTempleTests */ = {
			isa = PBXNativeTarget;
			buildConfigurationList = 049FA4EC1925AEB200A1CE5F /* Build configuration list for PBXNativeTarget "ProjectTempleTests" */;
			buildPhases = (
				049FA4D41925AEB200A1CE5F /* Sources */,
				049FA4D51925AEB200A1CE5F /* Frameworks */,
				049FA4D61925AEB200A1CE5F /* Resources */,
			);
			buildRules = (
			);
			dependencies = (
				049FA4DE1925AEB200A1CE5F /* PBXTargetDependency */,
			);
			name = ProjectTempleTests;
			productName = ProjectTempleTests;
			productReference = 049FA4D81925AEB200A1CE5F /* ProjectTempleTests.xctest */;
			productType = "com.apple.product-type.bundle.unit-test";
		};
/* End PBXNativeTarget section */

/* Begin PBXProject section */
		049FA4AC1925AEB200A1CE5F /* Project object */ = {
			isa = PBXProject;
			attributes = {
				CLASSPREFIX = CK;
				LastUpgradeCheck = 0510;
				ORGANIZATIONNAME = "___FULLUSERNAME___";
				TargetAttributes = {
					049FA4D71925AEB200A1CE5F = {
						TestTargetID = 049FA4B31925AEB200A1CE5F;
					};
				};
			};
			buildConfigurationList = 049FA4AF1925AEB200A1CE5F /* Build configuration list for PBXProject "ProjectTemple" */;
			compatibilityVersion = "Xcode 3.2";
			developmentRegion = English;
			hasScannedForEncodings = 0;
			knownRegions = (
				en,
				Base,
				"zh-Hans",
			);
			mainGroup = 049FA4AB1925AEB200A1CE5F;
			productRefGroup = 049FA4B51925AEB200A1CE5F /* Products */;
			projectDirPath = "";
			projectRoot = "";
			targets = (
				049FA4B31925AEB200A1CE5F /* ProjectTemple */,
				049FA4D71925AEB200A1CE5F /* ProjectTempleTests */,
			);
		};
/* End PBXProject section */

/* Begin PBXResourcesBuildPhase section */
		049FA4B21925AEB200A1CE5F /* Resources */ = {
			isa = PBXResourcesBuildPhase;
			buildActionMask = 2147483647;
			files = (
				049FA4D31925AEB200A1CE5F /* Images.xcassets in Resources */,
				0413261E1935D0FD003E46E8 /* Settings.bundle in Resources */,
				049FA5021925BEEC00A1CE5F /* Localization.strings in Resources */,
			);
			runOnlyForDeploymentPostprocessing = 0;
		};
		049FA4D61925AEB200A1CE5F /* Resources */ = {
			isa = PBXResourcesBuildPhase;
			buildActionMask = 2147483647;
			files = (
				049FA4E41925AEB200A1CE5F /* InfoPlist.strings in Resources */,
			);
			runOnlyForDeploymentPostprocessing = 0;
		};
/* End PBXResourcesBuildPhase section */

/* Begin PBXShellScriptBuildPhase section */
		38D2EA312A804CA8818D309A /* Check Pods Manifest.lock */ = {
			isa = PBXShellScriptBuildPhase;
			buildActionMask = 2147483647;
			files = (
			);
			inputPaths = (
			);
			name = "Check Pods Manifest.lock";
			outputPaths = (
			);
			runOnlyForDeploymentPostprocessing = 0;
			shellPath = /bin/sh;
			shellScript = "diff \"${PODS_ROOT}/../Podfile.lock\" \"${PODS_ROOT}/Manifest.lock\" > /dev/null\nif [[ $? != 0 ]] ; then\n    cat << EOM\nerror: The sandbox is not in sync with the Podfile.lock. Run 'pod install' or update your CocoaPods installation.\nEOM\n    exit 1\nfi\n";
			showEnvVarsInLog = 0;
		};
		DCD247347C60453385869E38 /* Copy Pods Resources */ = {
			isa = PBXShellScriptBuildPhase;
			buildActionMask = 2147483647;
			files = (
			);
			inputPaths = (
			);
			name = "Copy Pods Resources";
			outputPaths = (
			);
			runOnlyForDeploymentPostprocessing = 0;
			shellPath = /bin/sh;
			shellScript = "\"${SRCROOT}/Pods/Target Support Files/Pods/Pods-resources.sh\"\n";
			showEnvVarsInLog = 0;
		};
/* End PBXShellScriptBuildPhase section */

/* Begin PBXSourcesBuildPhase section */
		049FA4B01925AEB200A1CE5F /* Sources */ = {
			isa = PBXSourcesBuildPhase;
			buildActionMask = 2147483647;
			files = (
				041588F51937330C00B6D2C4 /* CKDetailTableViewCell.m in Sources */,
				0496967F1A0CD250005497B9 /* UIViewController+Base.m in Sources */,
				0430E3D2193583DD00403629 /* UILabel+Additions.m in Sources */,
				0433F4B81A09FB2E00CBECBF /* UIFactory+StatusNotificationView.m in Sources */,
				0413260419359E79003E46E8 /* UIFactory+TextField.m in Sources */,
				0430E3CC19357C0C00403629 /* RegExCategories.m in Sources */,
				0433F4B01A09BCB300CBECBF /* BaseTableViewController.m in Sources */,
				04CAC8241A10613700CDDF4E /* BaseEntity.m in Sources */,
				041588EB1937103700B6D2C4 /* CKAPPDetailViewController.m in Sources */,
				049FA5231925E9D400A1CE5F /* NSUserDefaults+Helpers.m in Sources */,
				049FA5241925E9D400A1CE5F /* UIColor+Helper.m in Sources */,
				0433F4BC1A0A170000CBECBF /* PTHTTPRequestManager.m in Sources */,
				0413261019359F91003E46E8 /* UIFactory+Label.m in Sources */,
				041326211935DCE2003E46E8 /* ViewUtils.m in Sources */,
				04D320B21A0B10AC0055EA65 /* PTError.m in Sources */,
				405879A01A12714600426095 /* UIView+Base.m in Sources */,
				049FA5281925EF3200A1CE5F /* BaseViewController.m in Sources */,
				048EDA1A1925FCC1006B1230 /* CKLoginViewController.m in Sources */,
				0413260A19359F26003E46E8 /* UIFactory+Switch.m in Sources */,
				049FA5171925E30300A1CE5F /* UIView+Helpers.m in Sources */,
				0413260719359ED7003E46E8 /* UIFactory+Button.m in Sources */,
				049FA5301925F23400A1CE5F /* UIFactory.m in Sources */,
				04D1C0F4192F3B0F00178CDA /* CKLoginViewModel.m in Sources */,
				0413260D19359F5B003E46E8 /* UIFactory+TableView.m in Sources */,
				049FA5181925E30300A1CE5F /* UIView+Snapshot.m in Sources */,
				049FA4C81925AEB200A1CE5F /* CKAppDelegate.m in Sources */,
				041326131935A025003E46E8 /* UIFactory+Line.m in Sources */,
				041588EE1937140500B6D2C4 /* UIFactory+ImageView.m in Sources */,
				405879A31A12784D00426095 /* UITableView+Base.m in Sources */,
				049FA5221925E9D400A1CE5F /* NSString+Helpers.m in Sources */,
				049FA4C41925AEB200A1CE5F /* main.m in Sources */,
				04CAC8211A10603200CDDF4E /* BaseTableViewCell.m in Sources */,
				04E628601A0A3D7200C2C99C /* PTHTTPRequestBaseManager.m in Sources */,
				04CF92261A12FD0700071079 /* UIFactory+InfiniteView.m in Sources */,
				0433F4B51A09F44D00CBECBF /* Common.m in Sources */,
				049FA4F11925B9D000A1CE5F /* CKViewController.m in Sources */,
				041588F1193721A100B6D2C4 /* CKDetailViewModel.m in Sources */,
				049FA5151925E30300A1CE5F /* NSDate+TimeAgo.m in Sources */,
				049FA5161925E30300A1CE5F /* NSDate+Utilities.m in Sources */,
				04CF776B19334F0D00DBA6EE /* CKAppleItemModel.m in Sources */,
				041326161935A09B003E46E8 /* NSString+PDRegex.m in Sources */,
				04CF92291A130B1300071079 /* StatusNotificationView.m in Sources */,
				04CF92231A12F6CF00071079 /* InfiniteView.m in Sources */,
			);
			runOnlyForDeploymentPostprocessing = 0;
		};
		049FA4D41925AEB200A1CE5F /* Sources */ = {
			isa = PBXSourcesBuildPhase;
			buildActionMask = 2147483647;
			files = (
				049FA4E61925AEB200A1CE5F /* ProjectTempleTests.m in Sources */,
			);
			runOnlyForDeploymentPostprocessing = 0;
		};
/* End PBXSourcesBuildPhase section */

/* Begin PBXTargetDependency section */
		049FA4DE1925AEB200A1CE5F /* PBXTargetDependency */ = {
			isa = PBXTargetDependency;
			target = 049FA4B31925AEB200A1CE5F /* ProjectTemple */;
			targetProxy = 049FA4DD1925AEB200A1CE5F /* PBXContainerItemProxy */;
		};
/* End PBXTargetDependency section */

/* Begin PBXVariantGroup section */
		049FA4E21925AEB200A1CE5F /* InfoPlist.strings */ = {
			isa = PBXVariantGroup;
			children = (
				049FA4E31925AEB200A1CE5F /* en */,
				049FA5081925BFAB00A1CE5F /* zh-Hans */,
			);
			name = InfoPlist.strings;
			sourceTree = "<group>";
		};
		049FA5041925BEEC00A1CE5F /* Localization.strings */ = {
			isa = PBXVariantGroup;
			children = (
				049FA5051925BF4C00A1CE5F /* en */,
				049FA5071925BFAB00A1CE5F /* zh-Hans */,
			);
			name = Localization.strings;
			sourceTree = "<group>";
		};
/* End PBXVariantGroup section */

/* Begin XCBuildConfiguration section */
		049FA4E71925AEB200A1CE5F /* Debug */ = {
			isa = XCBuildConfiguration;
			buildSettings = {
				ALWAYS_SEARCH_USER_PATHS = NO;
				CLANG_CXX_LANGUAGE_STANDARD = "gnu++0x";
				CLANG_CXX_LIBRARY = "libc++";
				CLANG_ENABLE_MODULES = YES;
				CLANG_ENABLE_OBJC_ARC = YES;
				CLANG_WARN_BOOL_CONVERSION = YES;
				CLANG_WARN_CONSTANT_CONVERSION = YES;
				CLANG_WARN_DIRECT_OBJC_ISA_USAGE = YES_ERROR;
				CLANG_WARN_EMPTY_BODY = YES;
				CLANG_WARN_ENUM_CONVERSION = YES;
				CLANG_WARN_INT_CONVERSION = YES;
				CLANG_WARN_OBJC_ROOT_CLASS = YES_ERROR;
				CLANG_WARN__DUPLICATE_METHOD_MATCH = YES;
				"CODE_SIGN_IDENTITY[sdk=iphoneos*]" = "iPhone Developer";
				COPY_PHASE_STRIP = NO;
				GCC_C_LANGUAGE_STANDARD = gnu99;
				GCC_DYNAMIC_NO_PIC = NO;
				GCC_OPTIMIZATION_LEVEL = 0;
				GCC_PREPROCESSOR_DEFINITIONS = (
					"DEBUG=1",
					"$(inherited)",
				);
				GCC_SYMBOLS_PRIVATE_EXTERN = NO;
				GCC_WARN_64_TO_32_BIT_CONVERSION = YES;
				GCC_WARN_ABOUT_RETURN_TYPE = YES_ERROR;
				GCC_WARN_UNDECLARED_SELECTOR = YES;
				GCC_WARN_UNINITIALIZED_AUTOS = YES_AGGRESSIVE;
				GCC_WARN_UNUSED_FUNCTION = YES;
				GCC_WARN_UNUSED_VARIABLE = YES;
				IPHONEOS_DEPLOYMENT_TARGET = 7.1;
				ONLY_ACTIVE_ARCH = YES;
				SDKROOT = iphoneos;
				TARGETED_DEVICE_FAMILY = "1,2";
			};
			name = Debug;
		};
		049FA4E81925AEB200A1CE5F /* Release */ = {
			isa = XCBuildConfiguration;
			buildSettings = {
				ALWAYS_SEARCH_USER_PATHS = NO;
				CLANG_CXX_LANGUAGE_STANDARD = "gnu++0x";
				CLANG_CXX_LIBRARY = "libc++";
				CLANG_ENABLE_MODULES = YES;
				CLANG_ENABLE_OBJC_ARC = YES;
				CLANG_WARN_BOOL_CONVERSION = YES;
				CLANG_WARN_CONSTANT_CONVERSION = YES;
				CLANG_WARN_DIRECT_OBJC_ISA_USAGE = YES_ERROR;
				CLANG_WARN_EMPTY_BODY = YES;
				CLANG_WARN_ENUM_CONVERSION = YES;
				CLANG_WARN_INT_CONVERSION = YES;
				CLANG_WARN_OBJC_ROOT_CLASS = YES_ERROR;
				CLANG_WARN__DUPLICATE_METHOD_MATCH = YES;
				"CODE_SIGN_IDENTITY[sdk=iphoneos*]" = "iPhone Developer";
				COPY_PHASE_STRIP = YES;
				ENABLE_NS_ASSERTIONS = NO;
				GCC_C_LANGUAGE_STANDARD = gnu99;
				GCC_WARN_64_TO_32_BIT_CONVERSION = YES;
				GCC_WARN_ABOUT_RETURN_TYPE = YES_ERROR;
				GCC_WARN_UNDECLARED_SELECTOR = YES;
				GCC_WARN_UNINITIALIZED_AUTOS = YES_AGGRESSIVE;
				GCC_WARN_UNUSED_FUNCTION = YES;
				GCC_WARN_UNUSED_VARIABLE = YES;
				IPHONEOS_DEPLOYMENT_TARGET = 7.1;
				SDKROOT = iphoneos;
				TARGETED_DEVICE_FAMILY = "1,2";
				VALIDATE_PRODUCT = YES;
			};
			name = Release;
		};
		049FA4EA1925AEB200A1CE5F /* Debug */ = {
			isa = XCBuildConfiguration;
			baseConfigurationReference = 31D8AFB2D9B9C10F020BF81F /* Pods.debug.xcconfig */;
			buildSettings = {
				ASSETCATALOG_COMPILER_APPICON_NAME = AppIcon;
				ASSETCATALOG_COMPILER_LAUNCHIMAGE_NAME = LaunchImage;
				GCC_PRECOMPILE_PREFIX_HEADER = YES;
				GCC_PREFIX_HEADER = "ProjectTemple/ProjectTemple-Prefix.pch";
				INFOPLIST_FILE = "ProjectTemple/ProjectTemple-Info.plist";
				IPHONEOS_DEPLOYMENT_TARGET = 7.0;
				PRODUCT_NAME = "$(TARGET_NAME)";
				TARGETED_DEVICE_FAMILY = 1;
				WRAPPER_EXTENSION = app;
			};
			name = Debug;
		};
		049FA4EB1925AEB200A1CE5F /* Release */ = {
			isa = XCBuildConfiguration;
			baseConfigurationReference = 605736A8BEFAA35A3C9DE287 /* Pods.release.xcconfig */;
			buildSettings = {
				ASSETCATALOG_COMPILER_APPICON_NAME = AppIcon;
				ASSETCATALOG_COMPILER_LAUNCHIMAGE_NAME = LaunchImage;
				GCC_PRECOMPILE_PREFIX_HEADER = YES;
				GCC_PREFIX_HEADER = "ProjectTemple/ProjectTemple-Prefix.pch";
				INFOPLIST_FILE = "ProjectTemple/ProjectTemple-Info.plist";
				IPHONEOS_DEPLOYMENT_TARGET = 7.0;
				PRODUCT_NAME = "$(TARGET_NAME)";
				TARGETED_DEVICE_FAMILY = 1;
				WRAPPER_EXTENSION = app;
			};
			name = Release;
		};
		049FA4ED1925AEB200A1CE5F /* Debug */ = {
			isa = XCBuildConfiguration;
			buildSettings = {
				BUNDLE_LOADER = "$(BUILT_PRODUCTS_DIR)/ProjectTemple.app/ProjectTemple";
				FRAMEWORK_SEARCH_PATHS = (
					"$(SDKROOT)/Developer/Library/Frameworks",
					"$(inherited)",
					"$(DEVELOPER_FRAMEWORKS_DIR)",
				);
				GCC_PRECOMPILE_PREFIX_HEADER = YES;
				GCC_PREFIX_HEADER = "ProjectTemple/ProjectTemple-Prefix.pch";
				GCC_PREPROCESSOR_DEFINITIONS = (
					"DEBUG=1",
					"$(inherited)",
				);
				INFOPLIST_FILE = "ProjectTempleTests/ProjectTempleTests-Info.plist";
				PRODUCT_NAME = "$(TARGET_NAME)";
				TEST_HOST = "$(BUNDLE_LOADER)";
				WRAPPER_EXTENSION = xctest;
			};
			name = Debug;
		};
		049FA4EE1925AEB200A1CE5F /* Release */ = {
			isa = XCBuildConfiguration;
			buildSettings = {
				BUNDLE_LOADER = "$(BUILT_PRODUCTS_DIR)/ProjectTemple.app/ProjectTemple";
				FRAMEWORK_SEARCH_PATHS = (
					"$(SDKROOT)/Developer/Library/Frameworks",
					"$(inherited)",
					"$(DEVELOPER_FRAMEWORKS_DIR)",
				);
				GCC_PRECOMPILE_PREFIX_HEADER = YES;
				GCC_PREFIX_HEADER = "ProjectTemple/ProjectTemple-Prefix.pch";
				INFOPLIST_FILE = "ProjectTempleTests/ProjectTempleTests-Info.plist";
				PRODUCT_NAME = "$(TARGET_NAME)";
				TEST_HOST = "$(BUNDLE_LOADER)";
				WRAPPER_EXTENSION = xctest;
			};
			name = Release;
		};
/* End XCBuildConfiguration section */

/* Begin XCConfigurationList section */
		049FA4AF1925AEB200A1CE5F /* Build configuration list for PBXProject "ProjectTemple" */ = {
			isa = XCConfigurationList;
			buildConfigurations = (
				049FA4E71925AEB200A1CE5F /* Debug */,
				049FA4E81925AEB200A1CE5F /* Release */,
			);
			defaultConfigurationIsVisible = 0;
			defaultConfigurationName = Release;
		};
		049FA4E91925AEB200A1CE5F /* Build configuration list for PBXNativeTarget "ProjectTemple" */ = {
			isa = XCConfigurationList;
			buildConfigurations = (
				049FA4EA1925AEB200A1CE5F /* Debug */,
				049FA4EB1925AEB200A1CE5F /* Release */,
			);
			defaultConfigurationIsVisible = 0;
			defaultConfigurationName = Release;
		};
		049FA4EC1925AEB200A1CE5F /* Build configuration list for PBXNativeTarget "ProjectTempleTests" */ = {
			isa = XCConfigurationList;
			buildConfigurations = (
				049FA4ED1925AEB200A1CE5F /* Debug */,
				049FA4EE1925AEB200A1CE5F /* Release */,
			);
			defaultConfigurationIsVisible = 0;
			defaultConfigurationName = Release;
		};
/* End XCConfigurationList section */
	};
	rootObject = 049FA4AC1925AEB200A1CE5F /* Project object */;
}
