// !$*UTF8*$!
{
	archiveVersion = 1;
	classes = {
	};
	objectVersion = 46;
	objects = {

/* Begin PBXBuildFile section */
		04253DA81BA948200052E972 /* BaseEntity.m in Sources */ = {isa = PBXBuildFile; fileRef = 04253D341BA948200052E972 /* BaseEntity.m */; };
		04253DA91BA948200052E972 /* BaseTableViewCell.m in Sources */ = {isa = PBXBuildFile; fileRef = 04253D361BA948200052E972 /* BaseTableViewCell.m */; };
		04253DAA1BA948200052E972 /* BaseTableViewController.m in Sources */ = {isa = PBXBuildFile; fileRef = 04253D381BA948200052E972 /* BaseTableViewController.m */; };
		04253DAB1BA948200052E972 /* BaseTableViewModel.m in Sources */ = {isa = PBXBuildFile; fileRef = 04253D3A1BA948200052E972 /* BaseTableViewModel.m */; };
		04253DAC1BA948200052E972 /* BaseViewController.m in Sources */ = {isa = PBXBuildFile; fileRef = 04253D3C1BA948200052E972 /* BaseViewController.m */; };
		04253DAD1BA948200052E972 /* BaseViewModel.m in Sources */ = {isa = PBXBuildFile; fileRef = 04253D3F1BA948200052E972 /* BaseViewModel.m */; };
		04253DAE1BA948200052E972 /* UITableView+Base.m in Sources */ = {isa = PBXBuildFile; fileRef = 04253D411BA948200052E972 /* UITableView+Base.m */; };
		04253DAF1BA948200052E972 /* UIView+Base.m in Sources */ = {isa = PBXBuildFile; fileRef = 04253D431BA948200052E972 /* UIView+Base.m */; };
		04253DB01BA948200052E972 /* UIViewController+Base.m in Sources */ = {isa = PBXBuildFile; fileRef = 04253D451BA948200052E972 /* UIViewController+Base.m */; };
		04253DB11BA948200052E972 /* Common.m in Sources */ = {isa = PBXBuildFile; fileRef = 04253D481BA948200052E972 /* Common.m */; };
		04253DB21BA948200052E972 /* InfiniteView.m in Sources */ = {isa = PBXBuildFile; fileRef = 04253D4D1BA948200052E972 /* InfiniteView.m */; };
		04253DB31BA948200052E972 /* StatusNotificationView.m in Sources */ = {isa = PBXBuildFile; fileRef = 04253D4F1BA948200052E972 /* StatusNotificationView.m */; };
		04253DB41BA948200052E972 /* CKAppleItemModel.m in Sources */ = {isa = PBXBuildFile; fileRef = 04253D541BA948200052E972 /* CKAppleItemModel.m */; };
		04253DB51BA948200052E972 /* CKDetailViewModel.m in Sources */ = {isa = PBXBuildFile; fileRef = 04253D561BA948200052E972 /* CKDetailViewModel.m */; };
		04253DB61BA948200052E972 /* CKLoginViewModel.m in Sources */ = {isa = PBXBuildFile; fileRef = 04253D581BA948200052E972 /* CKLoginViewModel.m */; };
		04253DB71BA948200052E972 /* CKAPPDetailViewController.m in Sources */ = {isa = PBXBuildFile; fileRef = 04253D5B1BA948200052E972 /* CKAPPDetailViewController.m */; };
		04253DB81BA948200052E972 /* CKLoginViewController.m in Sources */ = {isa = PBXBuildFile; fileRef = 04253D5D1BA948200052E972 /* CKLoginViewController.m */; };
		04253DB91BA948200052E972 /* CKDetailTableViewCell.m in Sources */ = {isa = PBXBuildFile; fileRef = 04253D601BA948200052E972 /* CKDetailTableViewCell.m */; };
		04253DBA1BA948200052E972 /* Settings.bundle in Resources */ = {isa = PBXBuildFile; fileRef = 04253D631BA948200052E972 /* Settings.bundle */; };
		04253DBB1BA948200052E972 /* NSDate+TimeAgo.m in Sources */ = {isa = PBXBuildFile; fileRef = 04253D6B1BA948200052E972 /* NSDate+TimeAgo.m */; };
		04253DBC1BA948200052E972 /* NSDate+Utilities.m in Sources */ = {isa = PBXBuildFile; fileRef = 04253D6D1BA948200052E972 /* NSDate+Utilities.m */; };
		04253DBD1BA948200052E972 /* RegExCategories.m in Sources */ = {isa = PBXBuildFile; fileRef = 04253D701BA948200052E972 /* RegExCategories.m */; };
		04253DBE1BA948200052E972 /* NSString+Helpers.m in Sources */ = {isa = PBXBuildFile; fileRef = 04253D731BA948200052E972 /* NSString+Helpers.m */; };
		04253DBF1BA948200052E972 /* NSString+PDRegex.m in Sources */ = {isa = PBXBuildFile; fileRef = 04253D751BA948200052E972 /* NSString+PDRegex.m */; };
		04253DC01BA948200052E972 /* NSUserDefaults+Helpers.m in Sources */ = {isa = PBXBuildFile; fileRef = 04253D781BA948200052E972 /* NSUserDefaults+Helpers.m */; };
		04253DC11BA948200052E972 /* UIColor+Helper.m in Sources */ = {isa = PBXBuildFile; fileRef = 04253D7B1BA948200052E972 /* UIColor+Helper.m */; };
		04253DC21BA948200052E972 /* UILabel+Additions.m in Sources */ = {isa = PBXBuildFile; fileRef = 04253D7E1BA948200052E972 /* UILabel+Additions.m */; };
		04253DC31BA948200052E972 /* UIView+Helpers.m in Sources */ = {isa = PBXBuildFile; fileRef = 04253D811BA948200052E972 /* UIView+Helpers.m */; };
		04253DC41BA948200052E972 /* UIView+Snapshot.m in Sources */ = {isa = PBXBuildFile; fileRef = 04253D831BA948200052E972 /* UIView+Snapshot.m */; };
		04253DC51BA948200052E972 /* ViewUtils.m in Sources */ = {isa = PBXBuildFile; fileRef = 04253D851BA948200052E972 /* ViewUtils.m */; };
		04253DC61BA948200052E972 /* PTHTTPRequestBaseManager.m in Sources */ = {isa = PBXBuildFile; fileRef = 04253D8B1BA948200052E972 /* PTHTTPRequestBaseManager.m */; };
		04253DC71BA948200052E972 /* PTHTTPRequestManager.m in Sources */ = {isa = PBXBuildFile; fileRef = 04253D8D1BA948200052E972 /* PTHTTPRequestManager.m */; };
		04253DC81BA948200052E972 /* PTResponse.m in Sources */ = {isa = PBXBuildFile; fileRef = 04253D8F1BA948200052E972 /* PTResponse.m */; };
		04253DC91BA948200052E972 /* UIFactory+Button.m in Sources */ = {isa = PBXBuildFile; fileRef = 04253D931BA948200052E972 /* UIFactory+Button.m */; };
		04253DCA1BA948200052E972 /* UIFactory+ImageView.m in Sources */ = {isa = PBXBuildFile; fileRef = 04253D951BA948200052E972 /* UIFactory+ImageView.m */; };
		04253DCB1BA948200052E972 /* UIFactory+InfiniteView.m in Sources */ = {isa = PBXBuildFile; fileRef = 04253D971BA948200052E972 /* UIFactory+InfiniteView.m */; };
		04253DCC1BA948200052E972 /* UIFactory+Label.m in Sources */ = {isa = PBXBuildFile; fileRef = 04253D991BA948200052E972 /* UIFactory+Label.m */; };
		04253DCD1BA948200052E972 /* UIFactory+Line.m in Sources */ = {isa = PBXBuildFile; fileRef = 04253D9B1BA948200052E972 /* UIFactory+Line.m */; };
		04253DCE1BA948200052E972 /* UIFactory+StatusbarNotification.m in Sources */ = {isa = PBXBuildFile; fileRef = 04253D9D1BA948200052E972 /* UIFactory+StatusbarNotification.m */; };
		04253DCF1BA948200052E972 /* UIFactory+StatusNotificationView.m in Sources */ = {isa = PBXBuildFile; fileRef = 04253D9F1BA948200052E972 /* UIFactory+StatusNotificationView.m */; };
		04253DD01BA948200052E972 /* UIFactory+Switch.m in Sources */ = {isa = PBXBuildFile; fileRef = 04253DA11BA948200052E972 /* UIFactory+Switch.m */; };
		04253DD11BA948200052E972 /* UIFactory+TableView.m in Sources */ = {isa = PBXBuildFile; fileRef = 04253DA31BA948200052E972 /* UIFactory+TableView.m */; };
		04253DD21BA948200052E972 /* UIFactory+TextField.m in Sources */ = {isa = PBXBuildFile; fileRef = 04253DA51BA948200052E972 /* UIFactory+TextField.m */; };
		04253DD31BA948200052E972 /* UIFactory.m in Sources */ = {isa = PBXBuildFile; fileRef = 04253DA71BA948200052E972 /* UIFactory.m */; };
		04253DDC1BA94FB20052E972 /* NotificationEntity.m in Sources */ = {isa = PBXBuildFile; fileRef = 04253DDB1BA94FB20052E972 /* NotificationEntity.m */; };
		04253DDF1BA951A90052E972 /* CKNotificationViewModel.m in Sources */ = {isa = PBXBuildFile; fileRef = 04253DDE1BA951A90052E972 /* CKNotificationViewModel.m */; };
		04253DE21BA951E10052E972 /* CKNotificationViewController.m in Sources */ = {isa = PBXBuildFile; fileRef = 04253DE11BA951E10052E972 /* CKNotificationViewController.m */; };
		04253DE51BA96FA90052E972 /* CKNotificationTableViewCell.m in Sources */ = {isa = PBXBuildFile; fileRef = 04253DE41BA96FA90052E972 /* CKNotificationTableViewCell.m */; };
		049FA4B81925AEB200A1CE5F /* Foundation.framework in Frameworks */ = {isa = PBXBuildFile; fileRef = 049FA4B71925AEB200A1CE5F /* Foundation.framework */; };
		049FA4BA1925AEB200A1CE5F /* CoreGraphics.framework in Frameworks */ = {isa = PBXBuildFile; fileRef = 049FA4B91925AEB200A1CE5F /* CoreGraphics.framework */; };
		049FA4BC1925AEB200A1CE5F /* UIKit.framework in Frameworks */ = {isa = PBXBuildFile; fileRef = 049FA4BB1925AEB200A1CE5F /* UIKit.framework */; };
		049FA4C41925AEB200A1CE5F /* main.m in Sources */ = {isa = PBXBuildFile; fileRef = 049FA4C31925AEB200A1CE5F /* main.m */; };
		049FA4C81925AEB200A1CE5F /* CKAppDelegate.m in Sources */ = {isa = PBXBuildFile; fileRef = 049FA4C71925AEB200A1CE5F /* CKAppDelegate.m */; };
		049FA4D31925AEB200A1CE5F /* Images.xcassets in Resources */ = {isa = PBXBuildFile; fileRef = 049FA4D21925AEB200A1CE5F /* Images.xcassets */; };
		049FA4DA1925AEB200A1CE5F /* XCTest.framework in Frameworks */ = {isa = PBXBuildFile; fileRef = 049FA4D91925AEB200A1CE5F /* XCTest.framework */; };
		049FA4DB1925AEB200A1CE5F /* Foundation.framework in Frameworks */ = {isa = PBXBuildFile; fileRef = 049FA4B71925AEB200A1CE5F /* Foundation.framework */; };
		049FA4DC1925AEB200A1CE5F /* UIKit.framework in Frameworks */ = {isa = PBXBuildFile; fileRef = 049FA4BB1925AEB200A1CE5F /* UIKit.framework */; };
		049FA4E41925AEB200A1CE5F /* InfoPlist.strings in Resources */ = {isa = PBXBuildFile; fileRef = 049FA4E21925AEB200A1CE5F /* InfoPlist.strings */; };
		049FA4E61925AEB200A1CE5F /* ProjectTempleTests.m in Sources */ = {isa = PBXBuildFile; fileRef = 049FA4E51925AEB200A1CE5F /* ProjectTempleTests.m */; };
		049FA4F11925B9D000A1CE5F /* CKViewController.m in Sources */ = {isa = PBXBuildFile; fileRef = 049FA4F01925B9D000A1CE5F /* CKViewController.m */; };
		049FA5021925BEEC00A1CE5F /* Localization.strings in Resources */ = {isa = PBXBuildFile; fileRef = 049FA5041925BEEC00A1CE5F /* Localization.strings */; };
		04A531C01BAAEA9B00C54033 /* DZNEmptyEntity.m in Sources */ = {isa = PBXBuildFile; fileRef = 04A531BF1BAAEA9B00C54033 /* DZNEmptyEntity.m */; settings = {ASSET_TAGS = (); }; };
		F3B6CF1BC9A84705A71DBE4F /* libPods.a in Frameworks */ = {isa = PBXBuildFile; fileRef = 0EA1BBAD392E4D00AE104A83 /* libPods.a */; };
/* End PBXBuildFile section */

/* Begin PBXContainerItemProxy section */
		049FA4DD1925AEB200A1CE5F /* PBXContainerItemProxy */ = {
			isa = PBXContainerItemProxy;
			containerPortal = 049FA4AC1925AEB200A1CE5F /* Project object */;
			proxyType = 1;
			remoteGlobalIDString = 049FA4B31925AEB200A1CE5F;
			remoteInfo = ProjectTemple;
		};
/* End PBXContainerItemProxy section */

/* Begin PBXFileReference section */
		04253D321BA948200052E972 /* Base.h */ = {isa = PBXFileReference; fileEncoding = 4; lastKnownFileType = sourcecode.c.h; path = Base.h; sourceTree = "<group>"; };
		04253D331BA948200052E972 /* BaseEntity.h */ = {isa = PBXFileReference; fileEncoding = 4; lastKnownFileType = sourcecode.c.h; path = BaseEntity.h; sourceTree = "<group>"; };
		04253D341BA948200052E972 /* BaseEntity.m */ = {isa = PBXFileReference; fileEncoding = 4; lastKnownFileType = sourcecode.c.objc; path = BaseEntity.m; sourceTree = "<group>"; };
		04253D351BA948200052E972 /* BaseTableViewCell.h */ = {isa = PBXFileReference; fileEncoding = 4; lastKnownFileType = sourcecode.c.h; path = BaseTableViewCell.h; sourceTree = "<group>"; };
		04253D361BA948200052E972 /* BaseTableViewCell.m */ = {isa = PBXFileReference; fileEncoding = 4; lastKnownFileType = sourcecode.c.objc; path = BaseTableViewCell.m; sourceTree = "<group>"; };
		04253D371BA948200052E972 /* BaseTableViewController.h */ = {isa = PBXFileReference; fileEncoding = 4; lastKnownFileType = sourcecode.c.h; path = BaseTableViewController.h; sourceTree = "<group>"; };
		04253D381BA948200052E972 /* BaseTableViewController.m */ = {isa = PBXFileReference; fileEncoding = 4; lastKnownFileType = sourcecode.c.objc; path = BaseTableViewController.m; sourceTree = "<group>"; };
		04253D391BA948200052E972 /* BaseTableViewModel.h */ = {isa = PBXFileReference; fileEncoding = 4; lastKnownFileType = sourcecode.c.h; path = BaseTableViewModel.h; sourceTree = "<group>"; };
		04253D3A1BA948200052E972 /* BaseTableViewModel.m */ = {isa = PBXFileReference; fileEncoding = 4; lastKnownFileType = sourcecode.c.objc; path = BaseTableViewModel.m; sourceTree = "<group>"; };
		04253D3B1BA948200052E972 /* BaseViewController.h */ = {isa = PBXFileReference; fileEncoding = 4; lastKnownFileType = sourcecode.c.h; path = BaseViewController.h; sourceTree = "<group>"; };
		04253D3C1BA948200052E972 /* BaseViewController.m */ = {isa = PBXFileReference; fileEncoding = 4; lastKnownFileType = sourcecode.c.objc; path = BaseViewController.m; sourceTree = "<group>"; };
		04253D3D1BA948200052E972 /* BaseViewControllerProtocol.h */ = {isa = PBXFileReference; fileEncoding = 4; lastKnownFileType = sourcecode.c.h; path = BaseViewControllerProtocol.h; sourceTree = "<group>"; };
		04253D3E1BA948200052E972 /* BaseViewModel.h */ = {isa = PBXFileReference; fileEncoding = 4; lastKnownFileType = sourcecode.c.h; path = BaseViewModel.h; sourceTree = "<group>"; };
		04253D3F1BA948200052E972 /* BaseViewModel.m */ = {isa = PBXFileReference; fileEncoding = 4; lastKnownFileType = sourcecode.c.objc; path = BaseViewModel.m; sourceTree = "<group>"; };
		04253D401BA948200052E972 /* UITableView+Base.h */ = {isa = PBXFileReference; fileEncoding = 4; lastKnownFileType = sourcecode.c.h; path = "UITableView+Base.h"; sourceTree = "<group>"; };
		04253D411BA948200052E972 /* UITableView+Base.m */ = {isa = PBXFileReference; fileEncoding = 4; lastKnownFileType = sourcecode.c.objc; path = "UITableView+Base.m"; sourceTree = "<group>"; };
		04253D421BA948200052E972 /* UIView+Base.h */ = {isa = PBXFileReference; fileEncoding = 4; lastKnownFileType = sourcecode.c.h; path = "UIView+Base.h"; sourceTree = "<group>"; };
		04253D431BA948200052E972 /* UIView+Base.m */ = {isa = PBXFileReference; fileEncoding = 4; lastKnownFileType = sourcecode.c.objc; path = "UIView+Base.m"; sourceTree = "<group>"; };
		04253D441BA948200052E972 /* UIViewController+Base.h */ = {isa = PBXFileReference; fileEncoding = 4; lastKnownFileType = sourcecode.c.h; path = "UIViewController+Base.h"; sourceTree = "<group>"; };
		04253D451BA948200052E972 /* UIViewController+Base.m */ = {isa = PBXFileReference; fileEncoding = 4; lastKnownFileType = sourcecode.c.objc; path = "UIViewController+Base.m"; sourceTree = "<group>"; };
		04253D471BA948200052E972 /* Common.h */ = {isa = PBXFileReference; fileEncoding = 4; lastKnownFileType = sourcecode.c.h; path = Common.h; sourceTree = "<group>"; };
		04253D481BA948200052E972 /* Common.m */ = {isa = PBXFileReference; fileEncoding = 4; lastKnownFileType = sourcecode.c.objc; path = Common.m; sourceTree = "<group>"; };
		04253D4A1BA948200052E972 /* Config.h */ = {isa = PBXFileReference; fileEncoding = 4; lastKnownFileType = sourcecode.c.h; path = Config.h; sourceTree = "<group>"; };
		04253D4C1BA948200052E972 /* InfiniteView.h */ = {isa = PBXFileReference; fileEncoding = 4; lastKnownFileType = sourcecode.c.h; path = InfiniteView.h; sourceTree = "<group>"; };
		04253D4D1BA948200052E972 /* InfiniteView.m */ = {isa = PBXFileReference; fileEncoding = 4; lastKnownFileType = sourcecode.c.objc; path = InfiniteView.m; sourceTree = "<group>"; };
		04253D4E1BA948200052E972 /* StatusNotificationView.h */ = {isa = PBXFileReference; fileEncoding = 4; lastKnownFileType = sourcecode.c.h; path = StatusNotificationView.h; sourceTree = "<group>"; };
		04253D4F1BA948200052E972 /* StatusNotificationView.m */ = {isa = PBXFileReference; fileEncoding = 4; lastKnownFileType = sourcecode.c.objc; path = StatusNotificationView.m; sourceTree = "<group>"; };
		04253D531BA948200052E972 /* CKAppleItemModel.h */ = {isa = PBXFileReference; fileEncoding = 4; lastKnownFileType = sourcecode.c.h; path = CKAppleItemModel.h; sourceTree = "<group>"; };
		04253D541BA948200052E972 /* CKAppleItemModel.m */ = {isa = PBXFileReference; fileEncoding = 4; lastKnownFileType = sourcecode.c.objc; path = CKAppleItemModel.m; sourceTree = "<group>"; };
		04253D551BA948200052E972 /* CKDetailViewModel.h */ = {isa = PBXFileReference; fileEncoding = 4; lastKnownFileType = sourcecode.c.h; path = CKDetailViewModel.h; sourceTree = "<group>"; };
		04253D561BA948200052E972 /* CKDetailViewModel.m */ = {isa = PBXFileReference; fileEncoding = 4; lastKnownFileType = sourcecode.c.objc; path = CKDetailViewModel.m; sourceTree = "<group>"; };
		04253D571BA948200052E972 /* CKLoginViewModel.h */ = {isa = PBXFileReference; fileEncoding = 4; lastKnownFileType = sourcecode.c.h; path = CKLoginViewModel.h; sourceTree = "<group>"; };
		04253D581BA948200052E972 /* CKLoginViewModel.m */ = {isa = PBXFileReference; fileEncoding = 4; lastKnownFileType = sourcecode.c.objc; path = CKLoginViewModel.m; sourceTree = "<group>"; };
		04253D5A1BA948200052E972 /* CKAPPDetailViewController.h */ = {isa = PBXFileReference; fileEncoding = 4; lastKnownFileType = sourcecode.c.h; path = CKAPPDetailViewController.h; sourceTree = "<group>"; };
		04253D5B1BA948200052E972 /* CKAPPDetailViewController.m */ = {isa = PBXFileReference; fileEncoding = 4; lastKnownFileType = sourcecode.c.objc; path = CKAPPDetailViewController.m; sourceTree = "<group>"; };
		04253D5C1BA948200052E972 /* CKLoginViewController.h */ = {isa = PBXFileReference; fileEncoding = 4; lastKnownFileType = sourcecode.c.h; path = CKLoginViewController.h; sourceTree = "<group>"; };
		04253D5D1BA948200052E972 /* CKLoginViewController.m */ = {isa = PBXFileReference; fileEncoding = 4; lastKnownFileType = sourcecode.c.objc; path = CKLoginViewController.m; sourceTree = "<group>"; };
		04253D5F1BA948200052E972 /* CKDetailTableViewCell.h */ = {isa = PBXFileReference; fileEncoding = 4; lastKnownFileType = sourcecode.c.h; path = CKDetailTableViewCell.h; sourceTree = "<group>"; };
		04253D601BA948200052E972 /* CKDetailTableViewCell.m */ = {isa = PBXFileReference; fileEncoding = 4; lastKnownFileType = sourcecode.c.objc; path = CKDetailTableViewCell.m; sourceTree = "<group>"; };
		04253D631BA948200052E972 /* Settings.bundle */ = {isa = PBXFileReference; lastKnownFileType = "wrapper.plug-in"; path = Settings.bundle; sourceTree = "<group>"; };
		04253D6A1BA948200052E972 /* NSDate+TimeAgo.h */ = {isa = PBXFileReference; fileEncoding = 4; lastKnownFileType = sourcecode.c.h; path = "NSDate+TimeAgo.h"; sourceTree = "<group>"; };
		04253D6B1BA948200052E972 /* NSDate+TimeAgo.m */ = {isa = PBXFileReference; fileEncoding = 4; lastKnownFileType = sourcecode.c.objc; path = "NSDate+TimeAgo.m"; sourceTree = "<group>"; };
		04253D6C1BA948200052E972 /* NSDate+Utilities.h */ = {isa = PBXFileReference; fileEncoding = 4; lastKnownFileType = sourcecode.c.h; path = "NSDate+Utilities.h"; sourceTree = "<group>"; };
		04253D6D1BA948200052E972 /* NSDate+Utilities.m */ = {isa = PBXFileReference; fileEncoding = 4; lastKnownFileType = sourcecode.c.objc; path = "NSDate+Utilities.m"; sourceTree = "<group>"; };
		04253D6F1BA948200052E972 /* RegExCategories.h */ = {isa = PBXFileReference; fileEncoding = 4; lastKnownFileType = sourcecode.c.h; path = RegExCategories.h; sourceTree = "<group>"; };
		04253D701BA948200052E972 /* RegExCategories.m */ = {isa = PBXFileReference; fileEncoding = 4; lastKnownFileType = sourcecode.c.objc; path = RegExCategories.m; sourceTree = "<group>"; };
		04253D721BA948200052E972 /* NSString+Helpers.h */ = {isa = PBXFileReference; fileEncoding = 4; lastKnownFileType = sourcecode.c.h; path = "NSString+Helpers.h"; sourceTree = "<group>"; };
		04253D731BA948200052E972 /* NSString+Helpers.m */ = {isa = PBXFileReference; fileEncoding = 4; lastKnownFileType = sourcecode.c.objc; path = "NSString+Helpers.m"; sourceTree = "<group>"; };
		04253D741BA948200052E972 /* NSString+PDRegex.h */ = {isa = PBXFileReference; fileEncoding = 4; lastKnownFileType = sourcecode.c.h; path = "NSString+PDRegex.h"; sourceTree = "<group>"; };
		04253D751BA948200052E972 /* NSString+PDRegex.m */ = {isa = PBXFileReference; fileEncoding = 4; lastKnownFileType = sourcecode.c.objc; path = "NSString+PDRegex.m"; sourceTree = "<group>"; };
		04253D771BA948200052E972 /* NSUserDefaults+Helpers.h */ = {isa = PBXFileReference; fileEncoding = 4; lastKnownFileType = sourcecode.c.h; path = "NSUserDefaults+Helpers.h"; sourceTree = "<group>"; };
		04253D781BA948200052E972 /* NSUserDefaults+Helpers.m */ = {isa = PBXFileReference; fileEncoding = 4; lastKnownFileType = sourcecode.c.objc; path = "NSUserDefaults+Helpers.m"; sourceTree = "<group>"; };
		04253D7A1BA948200052E972 /* UIColor+Helper.h */ = {isa = PBXFileReference; fileEncoding = 4; lastKnownFileType = sourcecode.c.h; path = "UIColor+Helper.h"; sourceTree = "<group>"; };
		04253D7B1BA948200052E972 /* UIColor+Helper.m */ = {isa = PBXFileReference; fileEncoding = 4; lastKnownFileType = sourcecode.c.objc; path = "UIColor+Helper.m"; sourceTree = "<group>"; };
		04253D7D1BA948200052E972 /* UILabel+Additions.h */ = {isa = PBXFileReference; fileEncoding = 4; lastKnownFileType = sourcecode.c.h; path = "UILabel+Additions.h"; sourceTree = "<group>"; };
		04253D7E1BA948200052E972 /* UILabel+Additions.m */ = {isa = PBXFileReference; fileEncoding = 4; lastKnownFileType = sourcecode.c.objc; path = "UILabel+Additions.m"; sourceTree = "<group>"; };
		04253D801BA948200052E972 /* UIView+Helpers.h */ = {isa = PBXFileReference; fileEncoding = 4; lastKnownFileType = sourcecode.c.h; path = "UIView+Helpers.h"; sourceTree = "<group>"; };
		04253D811BA948200052E972 /* UIView+Helpers.m */ = {isa = PBXFileReference; fileEncoding = 4; lastKnownFileType = sourcecode.c.objc; path = "UIView+Helpers.m"; sourceTree = "<group>"; };
		04253D821BA948200052E972 /* UIView+Snapshot.h */ = {isa = PBXFileReference; fileEncoding = 4; lastKnownFileType = sourcecode.c.h; path = "UIView+Snapshot.h"; sourceTree = "<group>"; };
		04253D831BA948200052E972 /* UIView+Snapshot.m */ = {isa = PBXFileReference; fileEncoding = 4; lastKnownFileType = sourcecode.c.objc; path = "UIView+Snapshot.m"; sourceTree = "<group>"; };
		04253D841BA948200052E972 /* ViewUtils.h */ = {isa = PBXFileReference; fileEncoding = 4; lastKnownFileType = sourcecode.c.h; path = ViewUtils.h; sourceTree = "<group>"; };
		04253D851BA948200052E972 /* ViewUtils.m */ = {isa = PBXFileReference; fileEncoding = 4; lastKnownFileType = sourcecode.c.objc; path = ViewUtils.m; sourceTree = "<group>"; };
		04253D871BA948200052E972 /* Macro.h */ = {isa = PBXFileReference; fileEncoding = 4; lastKnownFileType = sourcecode.c.h; path = Macro.h; sourceTree = "<group>"; };
		04253D881BA948200052E972 /* UserMacro.h */ = {isa = PBXFileReference; fileEncoding = 4; lastKnownFileType = sourcecode.c.h; path = UserMacro.h; sourceTree = "<group>"; };
		04253D8A1BA948200052E972 /* PTHTTPRequestBaseManager.h */ = {isa = PBXFileReference; fileEncoding = 4; lastKnownFileType = sourcecode.c.h; path = PTHTTPRequestBaseManager.h; sourceTree = "<group>"; };
		04253D8B1BA948200052E972 /* PTHTTPRequestBaseManager.m */ = {isa = PBXFileReference; fileEncoding = 4; lastKnownFileType = sourcecode.c.objc; path = PTHTTPRequestBaseManager.m; sourceTree = "<group>"; };
		04253D8C1BA948200052E972 /* PTHTTPRequestManager.h */ = {isa = PBXFileReference; fileEncoding = 4; lastKnownFileType = sourcecode.c.h; path = PTHTTPRequestManager.h; sourceTree = "<group>"; };
		04253D8D1BA948200052E972 /* PTHTTPRequestManager.m */ = {isa = PBXFileReference; fileEncoding = 4; lastKnownFileType = sourcecode.c.objc; path = PTHTTPRequestManager.m; sourceTree = "<group>"; };
		04253D8E1BA948200052E972 /* PTResponse.h */ = {isa = PBXFileReference; fileEncoding = 4; lastKnownFileType = sourcecode.c.h; path = PTResponse.h; sourceTree = "<group>"; };
		04253D8F1BA948200052E972 /* PTResponse.m */ = {isa = PBXFileReference; fileEncoding = 4; lastKnownFileType = sourcecode.c.objc; path = PTResponse.m; sourceTree = "<group>"; };
		04253D911BA948200052E972 /* CKUIFactory.h */ = {isa = PBXFileReference; fileEncoding = 4; lastKnownFileType = sourcecode.c.h; path = CKUIFactory.h; sourceTree = "<group>"; };
		04253D921BA948200052E972 /* UIFactory+Button.h */ = {isa = PBXFileReference; fileEncoding = 4; lastKnownFileType = sourcecode.c.h; path = "UIFactory+Button.h"; sourceTree = "<group>"; };
		04253D931BA948200052E972 /* UIFactory+Button.m */ = {isa = PBXFileReference; fileEncoding = 4; lastKnownFileType = sourcecode.c.objc; path = "UIFactory+Button.m"; sourceTree = "<group>"; };
		04253D941BA948200052E972 /* UIFactory+ImageView.h */ = {isa = PBXFileReference; fileEncoding = 4; lastKnownFileType = sourcecode.c.h; path = "UIFactory+ImageView.h"; sourceTree = "<group>"; };
		04253D951BA948200052E972 /* UIFactory+ImageView.m */ = {isa = PBXFileReference; fileEncoding = 4; lastKnownFileType = sourcecode.c.objc; path = "UIFactory+ImageView.m"; sourceTree = "<group>"; };
		04253D961BA948200052E972 /* UIFactory+InfiniteView.h */ = {isa = PBXFileReference; fileEncoding = 4; lastKnownFileType = sourcecode.c.h; path = "UIFactory+InfiniteView.h"; sourceTree = "<group>"; };
		04253D971BA948200052E972 /* UIFactory+InfiniteView.m */ = {isa = PBXFileReference; fileEncoding = 4; lastKnownFileType = sourcecode.c.objc; path = "UIFactory+InfiniteView.m"; sourceTree = "<group>"; };
		04253D981BA948200052E972 /* UIFactory+Label.h */ = {isa = PBXFileReference; fileEncoding = 4; lastKnownFileType = sourcecode.c.h; path = "UIFactory+Label.h"; sourceTree = "<group>"; };
		04253D991BA948200052E972 /* UIFactory+Label.m */ = {isa = PBXFileReference; fileEncoding = 4; lastKnownFileType = sourcecode.c.objc; path = "UIFactory+Label.m"; sourceTree = "<group>"; };
		04253D9A1BA948200052E972 /* UIFactory+Line.h */ = {isa = PBXFileReference; fileEncoding = 4; lastKnownFileType = sourcecode.c.h; path = "UIFactory+Line.h"; sourceTree = "<group>"; };
		04253D9B1BA948200052E972 /* UIFactory+Line.m */ = {isa = PBXFileReference; fileEncoding = 4; lastKnownFileType = sourcecode.c.objc; path = "UIFactory+Line.m"; sourceTree = "<group>"; };
		04253D9C1BA948200052E972 /* UIFactory+StatusbarNotification.h */ = {isa = PBXFileReference; fileEncoding = 4; lastKnownFileType = sourcecode.c.h; path = "UIFactory+StatusbarNotification.h"; sourceTree = "<group>"; };
		04253D9D1BA948200052E972 /* UIFactory+StatusbarNotification.m */ = {isa = PBXFileReference; fileEncoding = 4; lastKnownFileType = sourcecode.c.objc; path = "UIFactory+StatusbarNotification.m"; sourceTree = "<group>"; };
		04253D9E1BA948200052E972 /* UIFactory+StatusNotificationView.h */ = {isa = PBXFileReference; fileEncoding = 4; lastKnownFileType = sourcecode.c.h; path = "UIFactory+StatusNotificationView.h"; sourceTree = "<group>"; };
		04253D9F1BA948200052E972 /* UIFactory+StatusNotificationView.m */ = {isa = PBXFileReference; fileEncoding = 4; lastKnownFileType = sourcecode.c.objc; path = "UIFactory+StatusNotificationView.m"; sourceTree = "<group>"; };
		04253DA01BA948200052E972 /* UIFactory+Switch.h */ = {isa = PBXFileReference; fileEncoding = 4; lastKnownFileType = sourcecode.c.h; path = "UIFactory+Switch.h"; sourceTree = "<group>"; };
		04253DA11BA948200052E972 /* UIFactory+Switch.m */ = {isa = PBXFileReference; fileEncoding = 4; lastKnownFileType = sourcecode.c.objc; path = "UIFactory+Switch.m"; sourceTree = "<group>"; };
		04253DA21BA948200052E972 /* UIFactory+TableView.h */ = {isa = PBXFileReference; fileEncoding = 4; lastKnownFileType = sourcecode.c.h; path = "UIFactory+TableView.h"; sourceTree = "<group>"; };
		04253DA31BA948200052E972 /* UIFactory+TableView.m */ = {isa = PBXFileReference; fileEncoding = 4; lastKnownFileType = sourcecode.c.objc; path = "UIFactory+TableView.m"; sourceTree = "<group>"; };
		04253DA41BA948200052E972 /* UIFactory+TextField.h */ = {isa = PBXFileReference; fileEncoding = 4; lastKnownFileType = sourcecode.c.h; path = "UIFactory+TextField.h"; sourceTree = "<group>"; };
		04253DA51BA948200052E972 /* UIFactory+TextField.m */ = {isa = PBXFileReference; fileEncoding = 4; lastKnownFileType = sourcecode.c.objc; path = "UIFactory+TextField.m"; sourceTree = "<group>"; };
		04253DA61BA948200052E972 /* UIFactory.h */ = {isa = PBXFileReference; fileEncoding = 4; lastKnownFileType = sourcecode.c.h; path = UIFactory.h; sourceTree = "<group>"; };
		04253DA71BA948200052E972 /* UIFactory.m */ = {isa = PBXFileReference; fileEncoding = 4; lastKnownFileType = sourcecode.c.objc; path = UIFactory.m; sourceTree = "<group>"; };
		04253DDA1BA94FB20052E972 /* NotificationEntity.h */ = {isa = PBXFileReference; fileEncoding = 4; lastKnownFileType = sourcecode.c.h; path = NotificationEntity.h; sourceTree = "<group>"; };
		04253DDB1BA94FB20052E972 /* NotificationEntity.m */ = {isa = PBXFileReference; fileEncoding = 4; lastKnownFileType = sourcecode.c.objc; path = NotificationEntity.m; sourceTree = "<group>"; };
		04253DDD1BA951A90052E972 /* CKNotificationViewModel.h */ = {isa = PBXFileReference; fileEncoding = 4; lastKnownFileType = sourcecode.c.h; path = CKNotificationViewModel.h; sourceTree = "<group>"; };
		04253DDE1BA951A90052E972 /* CKNotificationViewModel.m */ = {isa = PBXFileReference; fileEncoding = 4; lastKnownFileType = sourcecode.c.objc; path = CKNotificationViewModel.m; sourceTree = "<group>"; };
		04253DE01BA951E10052E972 /* CKNotificationViewController.h */ = {isa = PBXFileReference; fileEncoding = 4; lastKnownFileType = sourcecode.c.h; path = CKNotificationViewController.h; sourceTree = "<group>"; };
		04253DE11BA951E10052E972 /* CKNotificationViewController.m */ = {isa = PBXFileReference; fileEncoding = 4; lastKnownFileType = sourcecode.c.objc; path = CKNotificationViewController.m; sourceTree = "<group>"; };
		04253DE31BA96FA90052E972 /* CKNotificationTableViewCell.h */ = {isa = PBXFileReference; fileEncoding = 4; lastKnownFileType = sourcecode.c.h; path = CKNotificationTableViewCell.h; sourceTree = "<group>"; };
		04253DE41BA96FA90052E972 /* CKNotificationTableViewCell.m */ = {isa = PBXFileReference; fileEncoding = 4; lastKnownFileType = sourcecode.c.objc; path = CKNotificationTableViewCell.m; sourceTree = "<group>"; };
		049FA4B41925AEB200A1CE5F /* ProjectTemple.app */ = {isa = PBXFileReference; explicitFileType = wrapper.application; includeInIndex = 0; path = ProjectTemple.app; sourceTree = BUILT_PRODUCTS_DIR; };
		049FA4B71925AEB200A1CE5F /* Foundation.framework */ = {isa = PBXFileReference; lastKnownFileType = wrapper.framework; name = Foundation.framework; path = System/Library/Frameworks/Foundation.framework; sourceTree = SDKROOT; };
		049FA4B91925AEB200A1CE5F /* CoreGraphics.framework */ = {isa = PBXFileReference; lastKnownFileType = wrapper.framework; name = CoreGraphics.framework; path = System/Library/Frameworks/CoreGraphics.framework; sourceTree = SDKROOT; };
		049FA4BB1925AEB200A1CE5F /* UIKit.framework */ = {isa = PBXFileReference; lastKnownFileType = wrapper.framework; name = UIKit.framework; path = System/Library/Frameworks/UIKit.framework; sourceTree = SDKROOT; };
		049FA4BF1925AEB200A1CE5F /* ProjectTemple-Info.plist */ = {isa = PBXFileReference; lastKnownFileType = text.plist.xml; path = "ProjectTemple-Info.plist"; sourceTree = "<group>"; };
		049FA4C31925AEB200A1CE5F /* main.m */ = {isa = PBXFileReference; lastKnownFileType = sourcecode.c.objc; path = main.m; sourceTree = "<group>"; };
		049FA4C51925AEB200A1CE5F /* ProjectTemple-Prefix.pch */ = {isa = PBXFileReference; lastKnownFileType = sourcecode.c.h; path = "ProjectTemple-Prefix.pch"; sourceTree = "<group>"; };
		049FA4C61925AEB200A1CE5F /* CKAppDelegate.h */ = {isa = PBXFileReference; lastKnownFileType = sourcecode.c.h; path = CKAppDelegate.h; sourceTree = "<group>"; };
		049FA4C71925AEB200A1CE5F /* CKAppDelegate.m */ = {isa = PBXFileReference; lastKnownFileType = sourcecode.c.objc; path = CKAppDelegate.m; sourceTree = "<group>"; };
		049FA4D21925AEB200A1CE5F /* Images.xcassets */ = {isa = PBXFileReference; lastKnownFileType = folder.assetcatalog; path = Images.xcassets; sourceTree = "<group>"; };
		049FA4D81925AEB200A1CE5F /* ProjectTempleTests.xctest */ = {isa = PBXFileReference; explicitFileType = wrapper.cfbundle; includeInIndex = 0; path = ProjectTempleTests.xctest; sourceTree = BUILT_PRODUCTS_DIR; };
		049FA4D91925AEB200A1CE5F /* XCTest.framework */ = {isa = PBXFileReference; lastKnownFileType = wrapper.framework; name = XCTest.framework; path = Library/Frameworks/XCTest.framework; sourceTree = DEVELOPER_DIR; };
		049FA4E11925AEB200A1CE5F /* ProjectTempleTests-Info.plist */ = {isa = PBXFileReference; lastKnownFileType = text.plist.xml; path = "ProjectTempleTests-Info.plist"; sourceTree = "<group>"; };
		049FA4E31925AEB200A1CE5F /* en */ = {isa = PBXFileReference; lastKnownFileType = text.plist.strings; name = en; path = en.lproj/InfoPlist.strings; sourceTree = "<group>"; };
		049FA4E51925AEB200A1CE5F /* ProjectTempleTests.m */ = {isa = PBXFileReference; lastKnownFileType = sourcecode.c.objc; path = ProjectTempleTests.m; sourceTree = "<group>"; };
		049FA4EF1925B9D000A1CE5F /* CKViewController.h */ = {isa = PBXFileReference; fileEncoding = 4; lastKnownFileType = sourcecode.c.h; path = CKViewController.h; sourceTree = "<group>"; };
		049FA4F01925B9D000A1CE5F /* CKViewController.m */ = {isa = PBXFileReference; fileEncoding = 4; lastKnownFileType = sourcecode.c.objc; path = CKViewController.m; sourceTree = "<group>"; };
		049FA5051925BF4C00A1CE5F /* en */ = {isa = PBXFileReference; lastKnownFileType = text.plist.strings; name = en; path = en.lproj/Localization.strings; sourceTree = "<group>"; };
		049FA5071925BFAB00A1CE5F /* zh-Hans */ = {isa = PBXFileReference; lastKnownFileType = text.plist.strings; name = "zh-Hans"; path = "zh-Hans.lproj/Localization.strings"; sourceTree = "<group>"; };
		049FA5081925BFAB00A1CE5F /* zh-Hans */ = {isa = PBXFileReference; lastKnownFileType = text.plist.strings; name = "zh-Hans"; path = "zh-Hans.lproj/InfoPlist.strings"; sourceTree = "<group>"; };
		04A531BA1BAAAEC900C54033 /* BaseViewModelProtocol.h */ = {isa = PBXFileReference; fileEncoding = 4; lastKnownFileType = sourcecode.c.h; path = BaseViewModelProtocol.h; sourceTree = "<group>"; };
		04A531BE1BAAEA9B00C54033 /* DZNEmptyEntity.h */ = {isa = PBXFileReference; fileEncoding = 4; lastKnownFileType = sourcecode.c.h; path = DZNEmptyEntity.h; sourceTree = "<group>"; };
		04A531BF1BAAEA9B00C54033 /* DZNEmptyEntity.m */ = {isa = PBXFileReference; fileEncoding = 4; lastKnownFileType = sourcecode.c.objc; path = DZNEmptyEntity.m; sourceTree = "<group>"; };
		0EA1BBAD392E4D00AE104A83 /* libPods.a */ = {isa = PBXFileReference; explicitFileType = archive.ar; includeInIndex = 0; path = libPods.a; sourceTree = BUILT_PRODUCTS_DIR; };
		31D8AFB2D9B9C10F020BF81F /* Pods.debug.xcconfig */ = {isa = PBXFileReference; includeInIndex = 1; lastKnownFileType = text.xcconfig; name = Pods.debug.xcconfig; path = "Pods/Target Support Files/Pods/Pods.debug.xcconfig"; sourceTree = "<group>"; };
		605736A8BEFAA35A3C9DE287 /* Pods.release.xcconfig */ = {isa = PBXFileReference; includeInIndex = 1; lastKnownFileType = text.xcconfig; name = Pods.release.xcconfig; path = "Pods/Target Support Files/Pods/Pods.release.xcconfig"; sourceTree = "<group>"; };
/* End PBXFileReference section */

/* Begin PBXFrameworksBuildPhase section */
		049FA4B11925AEB200A1CE5F /* Frameworks */ = {
			isa = PBXFrameworksBuildPhase;
			buildActionMask = 2147483647;
			files = (
				049FA4BA1925AEB200A1CE5F /* CoreGraphics.framework in Frameworks */,
				049FA4BC1925AEB200A1CE5F /* UIKit.framework in Frameworks */,
				049FA4B81925AEB200A1CE5F /* Foundation.framework in Frameworks */,
				F3B6CF1BC9A84705A71DBE4F /* libPods.a in Frameworks */,
			);
			runOnlyForDeploymentPostprocessing = 0;
		};
		049FA4D51925AEB200A1CE5F /* Frameworks */ = {
			isa = PBXFrameworksBuildPhase;
			buildActionMask = 2147483647;
			files = (
				049FA4DA1925AEB200A1CE5F /* XCTest.framework in Frameworks */,
				049FA4DC1925AEB200A1CE5F /* UIKit.framework in Frameworks */,
				049FA4DB1925AEB200A1CE5F /* Foundation.framework in Frameworks */,
			);
			runOnlyForDeploymentPostprocessing = 0;
		};
/* End PBXFrameworksBuildPhase section */

/* Begin PBXGroup section */
		04253D301BA948200052E972 /* Source */ = {
			isa = PBXGroup;
			children = (
				04253D311BA948200052E972 /* Base */,
				04253D461BA948200052E972 /* Common */,
				04253D491BA948200052E972 /* Config */,
				04253D4B1BA948200052E972 /* CustomView */,
				04253D501BA948200052E972 /* Modules */,
				04253D611BA948200052E972 /* Resource */,
				04253D671BA948200052E972 /* Utils */,
			);
			path = Source;
			sourceTree = "<group>";
		};
		04253D311BA948200052E972 /* Base */ = {
			isa = PBXGroup;
			children = (
				04253D321BA948200052E972 /* Base.h */,
				04253D331BA948200052E972 /* BaseEntity.h */,
				04253D341BA948200052E972 /* BaseEntity.m */,
				04253D351BA948200052E972 /* BaseTableViewCell.h */,
				04253D361BA948200052E972 /* BaseTableViewCell.m */,
				04253D371BA948200052E972 /* BaseTableViewController.h */,
				04253D381BA948200052E972 /* BaseTableViewController.m */,
				04253D391BA948200052E972 /* BaseTableViewModel.h */,
				04253D3A1BA948200052E972 /* BaseTableViewModel.m */,
				04253D3B1BA948200052E972 /* BaseViewController.h */,
				04253D3C1BA948200052E972 /* BaseViewController.m */,
				04A531BA1BAAAEC900C54033 /* BaseViewModelProtocol.h */,
				04253D3D1BA948200052E972 /* BaseViewControllerProtocol.h */,
				04253D3E1BA948200052E972 /* BaseViewModel.h */,
				04253D3F1BA948200052E972 /* BaseViewModel.m */,
				04253D401BA948200052E972 /* UITableView+Base.h */,
				04253D411BA948200052E972 /* UITableView+Base.m */,
				04253D421BA948200052E972 /* UIView+Base.h */,
				04253D431BA948200052E972 /* UIView+Base.m */,
				04253D441BA948200052E972 /* UIViewController+Base.h */,
				04253D451BA948200052E972 /* UIViewController+Base.m */,
			);
			path = Base;
			sourceTree = "<group>";
		};
		04253D461BA948200052E972 /* Common */ = {
			isa = PBXGroup;
			children = (
				04253D471BA948200052E972 /* Common.h */,
				04253D481BA948200052E972 /* Common.m */,
				04A531BE1BAAEA9B00C54033 /* DZNEmptyEntity.h */,
				04A531BF1BAAEA9B00C54033 /* DZNEmptyEntity.m */,
			);
			path = Common;
			sourceTree = "<group>";
		};
		04253D491BA948200052E972 /* Config */ = {
			isa = PBXGroup;
			children = (
				04253D4A1BA948200052E972 /* Config.h */,
			);
			path = Config;
			sourceTree = "<group>";
		};
		04253D4B1BA948200052E972 /* CustomView */ = {
			isa = PBXGroup;
			children = (
				04253D4C1BA948200052E972 /* InfiniteView.h */,
				04253D4D1BA948200052E972 /* InfiniteView.m */,
				04253D4E1BA948200052E972 /* StatusNotificationView.h */,
				04253D4F1BA948200052E972 /* StatusNotificationView.m */,
			);
			path = CustomView;
			sourceTree = "<group>";
		};
		04253D501BA948200052E972 /* Modules */ = {
			isa = PBXGroup;
			children = (
				04253D511BA948200052E972 /* LoginModule */,
			);
			path = Modules;
			sourceTree = "<group>";
		};
		04253D511BA948200052E972 /* LoginModule */ = {
			isa = PBXGroup;
			children = (
				04253D521BA948200052E972 /* Model */,
				04253D591BA948200052E972 /* UIViewController */,
				04253D5E1BA948200052E972 /* View */,
			);
			path = LoginModule;
			sourceTree = "<group>";
		};
		04253D521BA948200052E972 /* Model */ = {
			isa = PBXGroup;
			children = (
				04253DDA1BA94FB20052E972 /* NotificationEntity.h */,
				04253DDB1BA94FB20052E972 /* NotificationEntity.m */,
				04253D531BA948200052E972 /* CKAppleItemModel.h */,
				04253D541BA948200052E972 /* CKAppleItemModel.m */,
				04253D551BA948200052E972 /* CKDetailViewModel.h */,
				04253D561BA948200052E972 /* CKDetailViewModel.m */,
				04253D571BA948200052E972 /* CKLoginViewModel.h */,
				04253D581BA948200052E972 /* CKLoginViewModel.m */,
				04253DDD1BA951A90052E972 /* CKNotificationViewModel.h */,
				04253DDE1BA951A90052E972 /* CKNotificationViewModel.m */,
			);
			path = Model;
			sourceTree = "<group>";
		};
		04253D591BA948200052E972 /* UIViewController */ = {
			isa = PBXGroup;
			children = (
				04253D5A1BA948200052E972 /* CKAPPDetailViewController.h */,
				04253D5B1BA948200052E972 /* CKAPPDetailViewController.m */,
				04253D5C1BA948200052E972 /* CKLoginViewController.h */,
				04253D5D1BA948200052E972 /* CKLoginViewController.m */,
				04253DE01BA951E10052E972 /* CKNotificationViewController.h */,
				04253DE11BA951E10052E972 /* CKNotificationViewController.m */,
			);
			path = UIViewController;
			sourceTree = "<group>";
		};
		04253D5E1BA948200052E972 /* View */ = {
			isa = PBXGroup;
			children = (
				04253D5F1BA948200052E972 /* CKDetailTableViewCell.h */,
				04253D601BA948200052E972 /* CKDetailTableViewCell.m */,
				04253DE31BA96FA90052E972 /* CKNotificationTableViewCell.h */,
				04253DE41BA96FA90052E972 /* CKNotificationTableViewCell.m */,
			);
			path = View;
			sourceTree = "<group>";
		};
		04253D611BA948200052E972 /* Resource */ = {
			isa = PBXGroup;
			children = (
				04253D621BA948200052E972 /* Bundle */,
				04253D641BA948200052E972 /* Image */,
				04253D651BA948200052E972 /* OtherFile */,
				04253D661BA948200052E972 /* Plist */,
			);
			path = Resource;
			sourceTree = "<group>";
		};
		04253D621BA948200052E972 /* Bundle */ = {
			isa = PBXGroup;
			children = (
				04253D631BA948200052E972 /* Settings.bundle */,
			);
			path = Bundle;
			sourceTree = "<group>";
		};
		04253D641BA948200052E972 /* Image */ = {
			isa = PBXGroup;
			children = (
			);
			path = Image;
			sourceTree = "<group>";
		};
		04253D651BA948200052E972 /* OtherFile */ = {
			isa = PBXGroup;
			children = (
			);
			path = OtherFile;
			sourceTree = "<group>";
		};
		04253D661BA948200052E972 /* Plist */ = {
			isa = PBXGroup;
			children = (
			);
			path = Plist;
			sourceTree = "<group>";
		};
		04253D671BA948200052E972 /* Utils */ = {
			isa = PBXGroup;
			children = (
				04253D681BA948200052E972 /* Category */,
				04253D861BA948200052E972 /* macro */,
				04253D891BA948200052E972 /* RequestManager */,
				04253D901BA948200052E972 /* UIFactory */,
			);
			path = Utils;
			sourceTree = "<group>";
		};
		04253D681BA948200052E972 /* Category */ = {
			isa = PBXGroup;
			children = (
				04253D691BA948200052E972 /* NSDate */,
				04253D6E1BA948200052E972 /* NSRegularExpression */,
				04253D711BA948200052E972 /* NSString */,
				04253D761BA948200052E972 /* NSUserDefualt */,
				04253D791BA948200052E972 /* UIColor */,
				04253D7C1BA948200052E972 /* UILabel */,
				04253D7F1BA948200052E972 /* UIView+Help */,
			);
			path = Category;
			sourceTree = "<group>";
		};
		04253D691BA948200052E972 /* NSDate */ = {
			isa = PBXGroup;
			children = (
				04253D6A1BA948200052E972 /* NSDate+TimeAgo.h */,
				04253D6B1BA948200052E972 /* NSDate+TimeAgo.m */,
				04253D6C1BA948200052E972 /* NSDate+Utilities.h */,
				04253D6D1BA948200052E972 /* NSDate+Utilities.m */,
			);
			path = NSDate;
			sourceTree = "<group>";
		};
		04253D6E1BA948200052E972 /* NSRegularExpression */ = {
			isa = PBXGroup;
			children = (
				04253D6F1BA948200052E972 /* RegExCategories.h */,
				04253D701BA948200052E972 /* RegExCategories.m */,
			);
			path = NSRegularExpression;
			sourceTree = "<group>";
		};
		04253D711BA948200052E972 /* NSString */ = {
			isa = PBXGroup;
			children = (
				04253D721BA948200052E972 /* NSString+Helpers.h */,
				04253D731BA948200052E972 /* NSString+Helpers.m */,
				04253D741BA948200052E972 /* NSString+PDRegex.h */,
				04253D751BA948200052E972 /* NSString+PDRegex.m */,
			);
			path = NSString;
			sourceTree = "<group>";
		};
		04253D761BA948200052E972 /* NSUserDefualt */ = {
			isa = PBXGroup;
			children = (
				04253D771BA948200052E972 /* NSUserDefaults+Helpers.h */,
				04253D781BA948200052E972 /* NSUserDefaults+Helpers.m */,
			);
			path = NSUserDefualt;
			sourceTree = "<group>";
		};
		04253D791BA948200052E972 /* UIColor */ = {
			isa = PBXGroup;
			children = (
				04253D7A1BA948200052E972 /* UIColor+Helper.h */,
				04253D7B1BA948200052E972 /* UIColor+Helper.m */,
			);
			path = UIColor;
			sourceTree = "<group>";
		};
		04253D7C1BA948200052E972 /* UILabel */ = {
			isa = PBXGroup;
			children = (
				04253D7D1BA948200052E972 /* UILabel+Additions.h */,
				04253D7E1BA948200052E972 /* UILabel+Additions.m */,
			);
			path = UILabel;
			sourceTree = "<group>";
		};
		04253D7F1BA948200052E972 /* UIView+Help */ = {
			isa = PBXGroup;
			children = (
				04253D801BA948200052E972 /* UIView+Helpers.h */,
				04253D811BA948200052E972 /* UIView+Helpers.m */,
				04253D821BA948200052E972 /* UIView+Snapshot.h */,
				04253D831BA948200052E972 /* UIView+Snapshot.m */,
				04253D841BA948200052E972 /* ViewUtils.h */,
				04253D851BA948200052E972 /* ViewUtils.m */,
			);
			path = "UIView+Help";
			sourceTree = "<group>";
		};
		04253D861BA948200052E972 /* macro */ = {
			isa = PBXGroup;
			children = (
				04253D871BA948200052E972 /* Macro.h */,
				04253D881BA948200052E972 /* UserMacro.h */,
			);
			path = macro;
			sourceTree = "<group>";
		};
		04253D891BA948200052E972 /* RequestManager */ = {
			isa = PBXGroup;
			children = (
				04253D8A1BA948200052E972 /* PTHTTPRequestBaseManager.h */,
				04253D8B1BA948200052E972 /* PTHTTPRequestBaseManager.m */,
				04253D8C1BA948200052E972 /* PTHTTPRequestManager.h */,
				04253D8D1BA948200052E972 /* PTHTTPRequestManager.m */,
				04253D8E1BA948200052E972 /* PTResponse.h */,
				04253D8F1BA948200052E972 /* PTResponse.m */,
			);
			path = RequestManager;
			sourceTree = "<group>";
		};
		04253D901BA948200052E972 /* UIFactory */ = {
			isa = PBXGroup;
			children = (
				04253D911BA948200052E972 /* CKUIFactory.h */,
				04253D921BA948200052E972 /* UIFactory+Button.h */,
				04253D931BA948200052E972 /* UIFactory+Button.m */,
				04253D941BA948200052E972 /* UIFactory+ImageView.h */,
				04253D951BA948200052E972 /* UIFactory+ImageView.m */,
				04253D961BA948200052E972 /* UIFactory+InfiniteView.h */,
				04253D971BA948200052E972 /* UIFactory+InfiniteView.m */,
				04253D981BA948200052E972 /* UIFactory+Label.h */,
				04253D991BA948200052E972 /* UIFactory+Label.m */,
				04253D9A1BA948200052E972 /* UIFactory+Line.h */,
				04253D9B1BA948200052E972 /* UIFactory+Line.m */,
				04253D9C1BA948200052E972 /* UIFactory+StatusbarNotification.h */,
				04253D9D1BA948200052E972 /* UIFactory+StatusbarNotification.m */,
				04253D9E1BA948200052E972 /* UIFactory+StatusNotificationView.h */,
				04253D9F1BA948200052E972 /* UIFactory+StatusNotificationView.m */,
				04253DA01BA948200052E972 /* UIFactory+Switch.h */,
				04253DA11BA948200052E972 /* UIFactory+Switch.m */,
				04253DA21BA948200052E972 /* UIFactory+TableView.h */,
				04253DA31BA948200052E972 /* UIFactory+TableView.m */,
				04253DA41BA948200052E972 /* UIFactory+TextField.h */,
				04253DA51BA948200052E972 /* UIFactory+TextField.m */,
				04253DA61BA948200052E972 /* UIFactory.h */,
				04253DA71BA948200052E972 /* UIFactory.m */,
			);
			path = UIFactory;
			sourceTree = "<group>";
		};
		049FA4AB1925AEB200A1CE5F = {
			isa = PBXGroup;
			children = (
				049FA4BD1925AEB200A1CE5F /* ProjectTemple */,
				049FA4DF1925AEB200A1CE5F /* ProjectTempleTests */,
				049FA4B61925AEB200A1CE5F /* Frameworks */,
				049FA4B51925AEB200A1CE5F /* Products */,
				0B363AC69CC840711C364AE9 /* Pods */,
			);
			sourceTree = "<group>";
		};
		049FA4B51925AEB200A1CE5F /* Products */ = {
			isa = PBXGroup;
			children = (
				049FA4B41925AEB200A1CE5F /* ProjectTemple.app */,
				049FA4D81925AEB200A1CE5F /* ProjectTempleTests.xctest */,
			);
			name = Products;
			sourceTree = "<group>";
		};
		049FA4B61925AEB200A1CE5F /* Frameworks */ = {
			isa = PBXGroup;
			children = (
				049FA4B71925AEB200A1CE5F /* Foundation.framework */,
				049FA4B91925AEB200A1CE5F /* CoreGraphics.framework */,
				049FA4BB1925AEB200A1CE5F /* UIKit.framework */,
				049FA4D91925AEB200A1CE5F /* XCTest.framework */,
				0EA1BBAD392E4D00AE104A83 /* libPods.a */,
			);
			name = Frameworks;
			sourceTree = "<group>";
		};
		049FA4BD1925AEB200A1CE5F /* ProjectTemple */ = {
			isa = PBXGroup;
			children = (
				04253D301BA948200052E972 /* Source */,
				049FA4C61925AEB200A1CE5F /* CKAppDelegate.h */,
				049FA4C71925AEB200A1CE5F /* CKAppDelegate.m */,
				049FA4EF1925B9D000A1CE5F /* CKViewController.h */,
				049FA4F01925B9D000A1CE5F /* CKViewController.m */,
				049FA4D21925AEB200A1CE5F /* Images.xcassets */,
				049FA4BE1925AEB200A1CE5F /* Supporting Files */,
			);
			path = ProjectTemple;
			sourceTree = "<group>";
		};
		049FA4BE1925AEB200A1CE5F /* Supporting Files */ = {
			isa = PBXGroup;
			children = (
				049FA4BF1925AEB200A1CE5F /* ProjectTemple-Info.plist */,
				049FA4C31925AEB200A1CE5F /* main.m */,
				049FA4C51925AEB200A1CE5F /* ProjectTemple-Prefix.pch */,
				049FA5041925BEEC00A1CE5F /* Localization.strings */,
			);
			name = "Supporting Files";
			sourceTree = "<group>";
		};
		049FA4DF1925AEB200A1CE5F /* ProjectTempleTests */ = {
			isa = PBXGroup;
			children = (
				049FA4E51925AEB200A1CE5F /* ProjectTempleTests.m */,
				049FA4E01925AEB200A1CE5F /* Supporting Files */,
			);
			path = ProjectTempleTests;
			sourceTree = "<group>";
		};
		049FA4E01925AEB200A1CE5F /* Supporting Files */ = {
			isa = PBXGroup;
			children = (
				049FA4E11925AEB200A1CE5F /* ProjectTempleTests-Info.plist */,
				049FA4E21925AEB200A1CE5F /* InfoPlist.strings */,
			);
			name = "Supporting Files";
			sourceTree = "<group>";
		};
		0B363AC69CC840711C364AE9 /* Pods */ = {
			isa = PBXGroup;
			children = (
				31D8AFB2D9B9C10F020BF81F /* Pods.debug.xcconfig */,
				605736A8BEFAA35A3C9DE287 /* Pods.release.xcconfig */,
			);
			name = Pods;
			sourceTree = "<group>";
		};
/* End PBXGroup section */

/* Begin PBXNativeTarget section */
		049FA4B31925AEB200A1CE5F /* ProjectTemple */ = {
			isa = PBXNativeTarget;
			buildConfigurationList = 049FA4E91925AEB200A1CE5F /* Build configuration list for PBXNativeTarget "ProjectTemple" */;
			buildPhases = (
				38D2EA312A804CA8818D309A /* Check Pods Manifest.lock */,
				049FA4B01925AEB200A1CE5F /* Sources */,
				049FA4B11925AEB200A1CE5F /* Frameworks */,
				049FA4B21925AEB200A1CE5F /* Resources */,
				DCD247347C60453385869E38 /* Copy Pods Resources */,
			);
			buildRules = (
			);
			dependencies = (
			);
			name = ProjectTemple;
			productName = ProjectTemple;
			productReference = 049FA4B41925AEB200A1CE5F /* ProjectTemple.app */;
			productType = "com.apple.product-type.application";
		};
		049FA4D71925AEB200A1CE5F /* ProjectTempleTests */ = {
			isa = PBXNativeTarget;
			buildConfigurationList = 049FA4EC1925AEB200A1CE5F /* Build configuration list for PBXNativeTarget "ProjectTempleTests" */;
			buildPhases = (
				049FA4D41925AEB200A1CE5F /* Sources */,
				049FA4D51925AEB200A1CE5F /* Frameworks */,
				049FA4D61925AEB200A1CE5F /* Resources */,
			);
			buildRules = (
			);
			dependencies = (
				049FA4DE1925AEB200A1CE5F /* PBXTargetDependency */,
			);
			name = ProjectTempleTests;
			productName = ProjectTempleTests;
			productReference = 049FA4D81925AEB200A1CE5F /* ProjectTempleTests.xctest */;
			productType = "com.apple.product-type.bundle.unit-test";
		};
/* End PBXNativeTarget section */

/* Begin PBXProject section */
		049FA4AC1925AEB200A1CE5F /* Project object */ = {
			isa = PBXProject;
			attributes = {
				CLASSPREFIX = CK;
				LastUpgradeCheck = 0510;
				ORGANIZATIONNAME = "___FULLUSERNAME___";
				TargetAttributes = {
					049FA4D71925AEB200A1CE5F = {
						TestTargetID = 049FA4B31925AEB200A1CE5F;
					};
				};
			};
			buildConfigurationList = 049FA4AF1925AEB200A1CE5F /* Build configuration list for PBXProject "ProjectTemple" */;
			compatibilityVersion = "Xcode 3.2";
			developmentRegion = English;
			hasScannedForEncodings = 0;
			knownRegions = (
				en,
				Base,
				"zh-Hans",
			);
			mainGroup = 049FA4AB1925AEB200A1CE5F;
			productRefGroup = 049FA4B51925AEB200A1CE5F /* Products */;
			projectDirPath = "";
			projectRoot = "";
			targets = (
				049FA4B31925AEB200A1CE5F /* ProjectTemple */,
				049FA4D71925AEB200A1CE5F /* ProjectTempleTests */,
			);
		};
/* End PBXProject section */

/* Begin PBXResourcesBuildPhase section */
		049FA4B21925AEB200A1CE5F /* Resources */ = {
			isa = PBXResourcesBuildPhase;
			buildActionMask = 2147483647;
			files = (
				049FA4D31925AEB200A1CE5F /* Images.xcassets in Resources */,
				04253DBA1BA948200052E972 /* Settings.bundle in Resources */,
				049FA5021925BEEC00A1CE5F /* Localization.strings in Resources */,
			);
			runOnlyForDeploymentPostprocessing = 0;
		};
		049FA4D61925AEB200A1CE5F /* Resources */ = {
			isa = PBXResourcesBuildPhase;
			buildActionMask = 2147483647;
			files = (
				049FA4E41925AEB200A1CE5F /* InfoPlist.strings in Resources */,
			);
			runOnlyForDeploymentPostprocessing = 0;
		};
/* End PBXResourcesBuildPhase section */

/* Begin PBXShellScriptBuildPhase section */
		38D2EA312A804CA8818D309A /* Check Pods Manifest.lock */ = {
			isa = PBXShellScriptBuildPhase;
			buildActionMask = 2147483647;
			files = (
			);
			inputPaths = (
			);
			name = "Check Pods Manifest.lock";
			outputPaths = (
			);
			runOnlyForDeploymentPostprocessing = 0;
			shellPath = /bin/sh;
			shellScript = "diff \"${PODS_ROOT}/../Podfile.lock\" \"${PODS_ROOT}/Manifest.lock\" > /dev/null\nif [[ $? != 0 ]] ; then\n    cat << EOM\nerror: The sandbox is not in sync with the Podfile.lock. Run 'pod install' or update your CocoaPods installation.\nEOM\n    exit 1\nfi\n";
			showEnvVarsInLog = 0;
		};
		DCD247347C60453385869E38 /* Copy Pods Resources */ = {
			isa = PBXShellScriptBuildPhase;
			buildActionMask = 2147483647;
			files = (
			);
			inputPaths = (
			);
			name = "Copy Pods Resources";
			outputPaths = (
			);
			runOnlyForDeploymentPostprocessing = 0;
			shellPath = /bin/sh;
			shellScript = "\"${SRCROOT}/Pods/Target Support Files/Pods/Pods-resources.sh\"\n";
			showEnvVarsInLog = 0;
		};
/* End PBXShellScriptBuildPhase section */

/* Begin PBXSourcesBuildPhase section */
		049FA4B01925AEB200A1CE5F /* Sources */ = {
			isa = PBXSourcesBuildPhase;
			buildActionMask = 2147483647;
			files = (
				04253DD11BA948200052E972 /* UIFactory+TableView.m in Sources */,
				04253DC01BA948200052E972 /* NSUserDefaults+Helpers.m in Sources */,
				04253DC41BA948200052E972 /* UIView+Snapshot.m in Sources */,
				04253DA91BA948200052E972 /* BaseTableViewCell.m in Sources */,
				04253DE51BA96FA90052E972 /* CKNotificationTableViewCell.m in Sources */,
				04253DC71BA948200052E972 /* PTHTTPRequestManager.m in Sources */,
				04253DBF1BA948200052E972 /* NSString+PDRegex.m in Sources */,
				04253DB71BA948200052E972 /* CKAPPDetailViewController.m in Sources */,
				04253DB01BA948200052E972 /* UIViewController+Base.m in Sources */,
				04253DB51BA948200052E972 /* CKDetailViewModel.m in Sources */,
				04253DCF1BA948200052E972 /* UIFactory+StatusNotificationView.m in Sources */,
				04253DB21BA948200052E972 /* InfiniteView.m in Sources */,
				04253DC81BA948200052E972 /* PTResponse.m in Sources */,
				04253DCE1BA948200052E972 /* UIFactory+StatusbarNotification.m in Sources */,
				04253DC91BA948200052E972 /* UIFactory+Button.m in Sources */,
				04253DCC1BA948200052E972 /* UIFactory+Label.m in Sources */,
				04253DCA1BA948200052E972 /* UIFactory+ImageView.m in Sources */,
				04253DC21BA948200052E972 /* UILabel+Additions.m in Sources */,
				04253DDC1BA94FB20052E972 /* NotificationEntity.m in Sources */,
				04253DAC1BA948200052E972 /* BaseViewController.m in Sources */,
				049FA4C81925AEB200A1CE5F /* CKAppDelegate.m in Sources */,
				04253DAF1BA948200052E972 /* UIView+Base.m in Sources */,
				04253DDF1BA951A90052E972 /* CKNotificationViewModel.m in Sources */,
				04253DB91BA948200052E972 /* CKDetailTableViewCell.m in Sources */,
				04253DC11BA948200052E972 /* UIColor+Helper.m in Sources */,
				04253DBE1BA948200052E972 /* NSString+Helpers.m in Sources */,
				04253DBB1BA948200052E972 /* NSDate+TimeAgo.m in Sources */,
				04253DAB1BA948200052E972 /* BaseTableViewModel.m in Sources */,
				04253DB31BA948200052E972 /* StatusNotificationView.m in Sources */,
				04253DC51BA948200052E972 /* ViewUtils.m in Sources */,
				04253DBC1BA948200052E972 /* NSDate+Utilities.m in Sources */,
				04253DC61BA948200052E972 /* PTHTTPRequestBaseManager.m in Sources */,
				04253DD21BA948200052E972 /* UIFactory+TextField.m in Sources */,
				04253DC31BA948200052E972 /* UIView+Helpers.m in Sources */,
				04253DBD1BA948200052E972 /* RegExCategories.m in Sources */,
				04253DAD1BA948200052E972 /* BaseViewModel.m in Sources */,
				04A531C01BAAEA9B00C54033 /* DZNEmptyEntity.m in Sources */,
				049FA4C41925AEB200A1CE5F /* main.m in Sources */,
				04253DD01BA948200052E972 /* UIFactory+Switch.m in Sources */,
				049FA4F11925B9D000A1CE5F /* CKViewController.m in Sources */,
				04253DAA1BA948200052E972 /* BaseTableViewController.m in Sources */,
				04253DE21BA951E10052E972 /* CKNotificationViewController.m in Sources */,
				04253DB11BA948200052E972 /* Common.m in Sources */,
				04253DB41BA948200052E972 /* CKAppleItemModel.m in Sources */,
				04253DCB1BA948200052E972 /* UIFactory+InfiniteView.m in Sources */,
				04253DD31BA948200052E972 /* UIFactory.m in Sources */,
				04253DB81BA948200052E972 /* CKLoginViewController.m in Sources */,
				04253DCD1BA948200052E972 /* UIFactory+Line.m in Sources */,
				04253DAE1BA948200052E972 /* UITableView+Base.m in Sources */,
				04253DB61BA948200052E972 /* CKLoginViewModel.m in Sources */,
				04253DA81BA948200052E972 /* BaseEntity.m in Sources */,
			);
			runOnlyForDeploymentPostprocessing = 0;
		};
		049FA4D41925AEB200A1CE5F /* Sources */ = {
			isa = PBXSourcesBuildPhase;
			buildActionMask = 2147483647;
			files = (
				049FA4E61925AEB200A1CE5F /* ProjectTempleTests.m in Sources */,
			);
			runOnlyForDeploymentPostprocessing = 0;
		};
/* End PBXSourcesBuildPhase section */

/* Begin PBXTargetDependency section */
		049FA4DE1925AEB200A1CE5F /* PBXTargetDependency */ = {
			isa = PBXTargetDependency;
			target = 049FA4B31925AEB200A1CE5F /* ProjectTemple */;
			targetProxy = 049FA4DD1925AEB200A1CE5F /* PBXContainerItemProxy */;
		};
/* End PBXTargetDependency section */

/* Begin PBXVariantGroup section */
		049FA4E21925AEB200A1CE5F /* InfoPlist.strings */ = {
			isa = PBXVariantGroup;
			children = (
				049FA4E31925AEB200A1CE5F /* en */,
				049FA5081925BFAB00A1CE5F /* zh-Hans */,
			);
			name = InfoPlist.strings;
			sourceTree = "<group>";
		};
		049FA5041925BEEC00A1CE5F /* Localization.strings */ = {
			isa = PBXVariantGroup;
			children = (
				049FA5051925BF4C00A1CE5F /* en */,
				049FA5071925BFAB00A1CE5F /* zh-Hans */,
			);
			name = Localization.strings;
			sourceTree = "<group>";
		};
/* End PBXVariantGroup section */

/* Begin XCBuildConfiguration section */
		049FA4E71925AEB200A1CE5F /* Debug */ = {
			isa = XCBuildConfiguration;
			buildSettings = {
				ALWAYS_SEARCH_USER_PATHS = NO;
				CLANG_CXX_LANGUAGE_STANDARD = "gnu++0x";
				CLANG_CXX_LIBRARY = "libc++";
				CLANG_ENABLE_MODULES = YES;
				CLANG_ENABLE_OBJC_ARC = YES;
				CLANG_WARN_BOOL_CONVERSION = YES;
				CLANG_WARN_CONSTANT_CONVERSION = YES;
				CLANG_WARN_DIRECT_OBJC_ISA_USAGE = YES_ERROR;
				CLANG_WARN_EMPTY_BODY = YES;
				CLANG_WARN_ENUM_CONVERSION = YES;
				CLANG_WARN_INT_CONVERSION = YES;
				CLANG_WARN_OBJC_ROOT_CLASS = YES_ERROR;
				CLANG_WARN__DUPLICATE_METHOD_MATCH = YES;
				"CODE_SIGN_IDENTITY[sdk=iphoneos*]" = "iPhone Developer";
				COPY_PHASE_STRIP = NO;
				ENABLE_STRICT_OBJC_MSGSEND = NO;
				GCC_C_LANGUAGE_STANDARD = gnu99;
				GCC_DYNAMIC_NO_PIC = NO;
				GCC_OPTIMIZATION_LEVEL = 0;
				GCC_PREPROCESSOR_DEFINITIONS = (
					"DEBUG=1",
					"$(inherited)",
				);
				GCC_SYMBOLS_PRIVATE_EXTERN = NO;
				GCC_WARN_64_TO_32_BIT_CONVERSION = YES;
				GCC_WARN_ABOUT_RETURN_TYPE = YES_ERROR;
				GCC_WARN_UNDECLARED_SELECTOR = YES;
				GCC_WARN_UNINITIALIZED_AUTOS = YES_AGGRESSIVE;
				GCC_WARN_UNUSED_FUNCTION = YES;
				GCC_WARN_UNUSED_VARIABLE = YES;
				IPHONEOS_DEPLOYMENT_TARGET = 7.1;
				ONLY_ACTIVE_ARCH = YES;
				SDKROOT = iphoneos;
				TARGETED_DEVICE_FAMILY = "1,2";
			};
			name = Debug;
		};
		049FA4E81925AEB200A1CE5F /* Release */ = {
			isa = XCBuildConfiguration;
			buildSettings = {
				ALWAYS_SEARCH_USER_PATHS = NO;
				CLANG_CXX_LANGUAGE_STANDARD = "gnu++0x";
				CLANG_CXX_LIBRARY = "libc++";
				CLANG_ENABLE_MODULES = YES;
				CLANG_ENABLE_OBJC_ARC = YES;
				CLANG_WARN_BOOL_CONVERSION = YES;
				CLANG_WARN_CONSTANT_CONVERSION = YES;
				CLANG_WARN_DIRECT_OBJC_ISA_USAGE = YES_ERROR;
				CLANG_WARN_EMPTY_BODY = YES;
				CLANG_WARN_ENUM_CONVERSION = YES;
				CLANG_WARN_INT_CONVERSION = YES;
				CLANG_WARN_OBJC_ROOT_CLASS = YES_ERROR;
				CLANG_WARN__DUPLICATE_METHOD_MATCH = YES;
				"CODE_SIGN_IDENTITY[sdk=iphoneos*]" = "iPhone Developer";
				COPY_PHASE_STRIP = YES;
				ENABLE_NS_ASSERTIONS = NO;
				ENABLE_STRICT_OBJC_MSGSEND = NO;
				GCC_C_LANGUAGE_STANDARD = gnu99;
				GCC_WARN_64_TO_32_BIT_CONVERSION = YES;
				GCC_WARN_ABOUT_RETURN_TYPE = YES_ERROR;
				GCC_WARN_UNDECLARED_SELECTOR = YES;
				GCC_WARN_UNINITIALIZED_AUTOS = YES_AGGRESSIVE;
				GCC_WARN_UNUSED_FUNCTION = YES;
				GCC_WARN_UNUSED_VARIABLE = YES;
				IPHONEOS_DEPLOYMENT_TARGET = 7.1;
				SDKROOT = iphoneos;
				TARGETED_DEVICE_FAMILY = "1,2";
				VALIDATE_PRODUCT = YES;
			};
			name = Release;
		};
		049FA4EA1925AEB200A1CE5F /* Debug */ = {
			isa = XCBuildConfiguration;
			baseConfigurationReference = 31D8AFB2D9B9C10F020BF81F /* Pods.debug.xcconfig */;
			buildSettings = {
				ASSETCATALOG_COMPILER_APPICON_NAME = AppIcon;
				ASSETCATALOG_COMPILER_LAUNCHIMAGE_NAME = LaunchImage;
				CODE_SIGN_IDENTITY = "iPhone Developer: fangwen huang (33TFM3RXM7)";
				ENABLE_STRICT_OBJC_MSGSEND = NO;
				GCC_PRECOMPILE_PREFIX_HEADER = YES;
				GCC_PREFIX_HEADER = "ProjectTemple/ProjectTemple-Prefix.pch";
				INFOPLIST_FILE = "ProjectTemple/ProjectTemple-Info.plist";
				IPHONEOS_DEPLOYMENT_TARGET = 7.0;
				ONLY_ACTIVE_ARCH = YES;
				PRODUCT_BUNDLE_IDENTIFIER = com.kai.ProjectTemple;
				PRODUCT_NAME = "$(TARGET_NAME)";
				PROVISIONING_PROFILE = "a84f8631-7134-4f99-8d95-ca7217404d91";
				TARGETED_DEVICE_FAMILY = 1;
				WRAPPER_EXTENSION = app;
			};
			name = Debug;
		};
		049FA4EB1925AEB200A1CE5F /* Release */ = {
			isa = XCBuildConfiguration;
			baseConfigurationReference = 605736A8BEFAA35A3C9DE287 /* Pods.release.xcconfig */;
			buildSettings = {
				ASSETCATALOG_COMPILER_APPICON_NAME = AppIcon;
				ASSETCATALOG_COMPILER_LAUNCHIMAGE_NAME = LaunchImage;
				CODE_SIGN_IDENTITY = "iPhone Developer: fangwen huang (33TFM3RXM7)";
				ENABLE_STRICT_OBJC_MSGSEND = NO;
				GCC_PRECOMPILE_PREFIX_HEADER = YES;
				GCC_PREFIX_HEADER = "ProjectTemple/ProjectTemple-Prefix.pch";
				INFOPLIST_FILE = "ProjectTemple/ProjectTemple-Info.plist";
				IPHONEOS_DEPLOYMENT_TARGET = 7.0;
				ONLY_ACTIVE_ARCH = YES;
				PRODUCT_BUNDLE_IDENTIFIER = com.kai.ProjectTemple;
				PRODUCT_NAME = "$(TARGET_NAME)";
				PROVISIONING_PROFILE = "a84f8631-7134-4f99-8d95-ca7217404d91";
				TARGETED_DEVICE_FAMILY = 1;
				WRAPPER_EXTENSION = app;
			};
			name = Release;
		};
		049FA4ED1925AEB200A1CE5F /* Debug */ = {
			isa = XCBuildConfiguration;
			buildSettings = {
				BUNDLE_LOADER = "$(BUILT_PRODUCTS_DIR)/ProjectTemple.app/ProjectTemple";
				FRAMEWORK_SEARCH_PATHS = (
					"$(SDKROOT)/Developer/Library/Frameworks",
					"$(inherited)",
					"$(DEVELOPER_FRAMEWORKS_DIR)",
				);
				GCC_PRECOMPILE_PREFIX_HEADER = YES;
				GCC_PREFIX_HEADER = "ProjectTemple/ProjectTemple-Prefix.pch";
				GCC_PREPROCESSOR_DEFINITIONS = (
					"DEBUG=1",
					"$(inherited)",
				);
				INFOPLIST_FILE = "ProjectTempleTests/ProjectTempleTests-Info.plist";
				PRODUCT_NAME = "$(TARGET_NAME)";
				TEST_HOST = "$(BUNDLE_LOADER)";
				WRAPPER_EXTENSION = xctest;
			};
			name = Debug;
		};
		049FA4EE1925AEB200A1CE5F /* Release */ = {
			isa = XCBuildConfiguration;
			buildSettings = {
				BUNDLE_LOADER = "$(BUILT_PRODUCTS_DIR)/ProjectTemple.app/ProjectTemple";
				FRAMEWORK_SEARCH_PATHS = (
					"$(SDKROOT)/Developer/Library/Frameworks",
					"$(inherited)",
					"$(DEVELOPER_FRAMEWORKS_DIR)",
				);
				GCC_PRECOMPILE_PREFIX_HEADER = YES;
				GCC_PREFIX_HEADER = "ProjectTemple/ProjectTemple-Prefix.pch";
				INFOPLIST_FILE = "ProjectTempleTests/ProjectTempleTests-Info.plist";
				PRODUCT_NAME = "$(TARGET_NAME)";
				TEST_HOST = "$(BUNDLE_LOADER)";
				WRAPPER_EXTENSION = xctest;
			};
			name = Release;
		};
/* End XCBuildConfiguration section */

/* Begin XCConfigurationList section */
		049FA4AF1925AEB200A1CE5F /* Build configuration list for PBXProject "ProjectTemple" */ = {
			isa = XCConfigurationList;
			buildConfigurations = (
				049FA4E71925AEB200A1CE5F /* Debug */,
				049FA4E81925AEB200A1CE5F /* Release */,
			);
			defaultConfigurationIsVisible = 0;
			defaultConfigurationName = Release;
		};
		049FA4E91925AEB200A1CE5F /* Build configuration list for PBXNativeTarget "ProjectTemple" */ = {
			isa = XCConfigurationList;
			buildConfigurations = (
				049FA4EA1925AEB200A1CE5F /* Debug */,
				049FA4EB1925AEB200A1CE5F /* Release */,
			);
			defaultConfigurationIsVisible = 0;
			defaultConfigurationName = Release;
		};
		049FA4EC1925AEB200A1CE5F /* Build configuration list for PBXNativeTarget "ProjectTempleTests" */ = {
			isa = XCConfigurationList;
			buildConfigurations = (
				049FA4ED1925AEB200A1CE5F /* Debug */,
				049FA4EE1925AEB200A1CE5F /* Release */,
			);
			defaultConfigurationIsVisible = 0;
			defaultConfigurationName = Release;
		};
/* End XCConfigurationList section */
	};
	rootObject = 049FA4AC1925AEB200A1CE5F /* Project object */;
}
